// !$*UTF8*$!
{
	archiveVersion = 1;
	classes = {
	};
	objectVersion = 46;
	objects = {

/* Begin PBXBuildFile section */
		2E9F71351ADCAE3C00133483 /* BKPrepareBox.m in Sources */ = {isa = PBXBuildFile; fileRef = 2E9F71341ADCAE3C00133483 /* BKPrepareBox.m */; };
		2E9F71381ADCD74D00133483 /* BKEvent.m in Sources */ = {isa = PBXBuildFile; fileRef = 2E9F71371ADCD74D00133483 /* BKEvent.m */; };
		2E9F71421ADCDA5F00133483 /* BKLeaveEvent.m in Sources */ = {isa = PBXBuildFile; fileRef = 2E9F71411ADCDA5F00133483 /* BKLeaveEvent.m */; };
		2E9F71481ADCDA9300133483 /* BKSwipeEvent.m in Sources */ = {isa = PBXBuildFile; fileRef = 2E9F71471ADCDA9300133483 /* BKSwipeEvent.m */; };
		2E9F714B1ADCDAA500133483 /* BKUpDownEvent.m in Sources */ = {isa = PBXBuildFile; fileRef = 2E9F714A1ADCDAA500133483 /* BKUpDownEvent.m */; };
		2E9F714E1ADCDAB700133483 /* BKClaspEvent.m in Sources */ = {isa = PBXBuildFile; fileRef = 2E9F714D1ADCDAB700133483 /* BKClaspEvent.m */; };
		2E9F71511ADCDAC700133483 /* BKCountEvent.m in Sources */ = {isa = PBXBuildFile; fileRef = 2E9F71501ADCDAC700133483 /* BKCountEvent.m */; };
		2E9F71541ADCDAEB00133483 /* BKEnterEvent.m in Sources */ = {isa = PBXBuildFile; fileRef = 2E9F71531ADCDAEB00133483 /* BKEnterEvent.m */; };
		2E9F715B1ADCE26400133483 /* BKEventDetector.m in Sources */ = {isa = PBXBuildFile; fileRef = 2E9F715A1ADCE26400133483 /* BKEventDetector.m */; };
		2E9F715E1ADCE40100133483 /* BKLeapController.m in Sources */ = {isa = PBXBuildFile; fileRef = 2E9F715D1ADCE40100133483 /* BKLeapController.m */; };
		2E9F71621ADD04CA00133483 /* BKHand+LeapAddtions.m in Sources */ = {isa = PBXBuildFile; fileRef = 2E9F71611ADD04CA00133483 /* BKHand+LeapAddtions.m */; };
		2E9F71651ADD0C9C00133483 /* BKVector+LeapAdditions.m in Sources */ = {isa = PBXBuildFile; fileRef = 2E9F71641ADD0C9C00133483 /* BKVector+LeapAdditions.m */; };
		2ECD90971AD266290057AC67 /* AppDelegate.m in Sources */ = {isa = PBXBuildFile; fileRef = 2ECD90961AD266290057AC67 /* AppDelegate.m */; };
		2ECD90991AD266290057AC67 /* main.m in Sources */ = {isa = PBXBuildFile; fileRef = 2ECD90981AD266290057AC67 /* main.m */; };
		2ECD909B1AD2662A0057AC67 /* Images.xcassets in Resources */ = {isa = PBXBuildFile; fileRef = 2ECD909A1AD2662A0057AC67 /* Images.xcassets */; };
		2ECD909E1AD2662A0057AC67 /* MainMenu.xib in Resources */ = {isa = PBXBuildFile; fileRef = 2ECD909C1AD2662A0057AC67 /* MainMenu.xib */; };
		2ECD90AA1AD2662A0057AC67 /* NetServerTests.m in Sources */ = {isa = PBXBuildFile; fileRef = 2ECD90A91AD2662A0057AC67 /* NetServerTests.m */; };
		2ECD90B51AD266C50057AC67 /* BKNetService.m in Sources */ = {isa = PBXBuildFile; fileRef = 2ECD90B41AD266C50057AC67 /* BKNetService.m */; };
		2ECD90B81AD276460057AC67 /* BKNetSession.m in Sources */ = {isa = PBXBuildFile; fileRef = 2ECD90B71AD276460057AC67 /* BKNetSession.m */; };
		2ECD90BA1AD279410057AC67 /* CoreFoundation.framework in Frameworks */ = {isa = PBXBuildFile; fileRef = 2ECD90B91AD279410057AC67 /* CoreFoundation.framework */; };
		2ECD90BE1AD27D9C0057AC67 /* BKNetService+Singleton.m in Sources */ = {isa = PBXBuildFile; fileRef = 2ECD90BD1AD27D9C0057AC67 /* BKNetService+Singleton.m */; };
		2EDC68E71AD67B2D0072B21F /* BKStream.m in Sources */ = {isa = PBXBuildFile; fileRef = 2EDC68E61AD67B2D0072B21F /* BKStream.m */; };
		2EDC68EE1AD794C30072B21F /* LeapObjectiveC.mm in Sources */ = {isa = PBXBuildFile; fileRef = 2EDC68EC1AD794C30072B21F /* LeapObjectiveC.mm */; settings = {COMPILER_FLAGS = "-fobjc-arc"; }; };
		2EDC68EF1AD794C30072B21F /* libLeap.dylib in Frameworks */ = {isa = PBXBuildFile; fileRef = 2EDC68ED1AD794C30072B21F /* libLeap.dylib */; };
		2EDC68F11AD795030072B21F /* libLeap.dylib in CopyFiles */ = {isa = PBXBuildFile; fileRef = 2EDC68ED1AD794C30072B21F /* libLeap.dylib */; settings = {ATTRIBUTES = (CodeSignOnCopy, ); }; };
		2EDC68F41AD7969B0072B21F /* BKEventManager.m in Sources */ = {isa = PBXBuildFile; fileRef = 2EDC68F31AD7969B0072B21F /* BKEventManager.m */; };
		2EDC68F71AD7A11D0072B21F /* BKHand.m in Sources */ = {isa = PBXBuildFile; fileRef = 2EDC68F61AD7A11D0072B21F /* BKHand.m */; };
		2EDC68FA1AD7ABCB0072B21F /* BKVector.m in Sources */ = {isa = PBXBuildFile; fileRef = 2EDC68F91AD7ABCB0072B21F /* BKVector.m */; };
/* End PBXBuildFile section */

/* Begin PBXContainerItemProxy section */
		2ECD90A41AD2662A0057AC67 /* PBXContainerItemProxy */ = {
			isa = PBXContainerItemProxy;
			containerPortal = 2ECD90881AD266290057AC67 /* Project object */;
			proxyType = 1;
			remoteGlobalIDString = 2ECD908F1AD266290057AC67;
			remoteInfo = NetServer;
		};
/* End PBXContainerItemProxy section */

/* Begin PBXCopyFilesBuildPhase section */
		2EDC68F01AD794F90072B21F /* CopyFiles */ = {
			isa = PBXCopyFilesBuildPhase;
			buildActionMask = 2147483647;
			dstPath = "";
			dstSubfolderSpec = 6;
			files = (
				2EDC68F11AD795030072B21F /* libLeap.dylib in CopyFiles */,
			);
			runOnlyForDeploymentPostprocessing = 0;
		};
/* End PBXCopyFilesBuildPhase section */

/* Begin PBXFileReference section */
		2E9F71331ADCAE3C00133483 /* BKPrepareBox.h */ = {isa = PBXFileReference; fileEncoding = 4; lastKnownFileType = sourcecode.c.h; path = BKPrepareBox.h; sourceTree = "<group>"; };
		2E9F71341ADCAE3C00133483 /* BKPrepareBox.m */ = {isa = PBXFileReference; fileEncoding = 4; lastKnownFileType = sourcecode.c.objc; path = BKPrepareBox.m; sourceTree = "<group>"; };
		2E9F71361ADCD74D00133483 /* BKEvent.h */ = {isa = PBXFileReference; fileEncoding = 4; lastKnownFileType = sourcecode.c.h; path = BKEvent.h; sourceTree = "<group>"; };
		2E9F71371ADCD74D00133483 /* BKEvent.m */ = {isa = PBXFileReference; fileEncoding = 4; lastKnownFileType = sourcecode.c.objc; path = BKEvent.m; sourceTree = "<group>"; };
		2E9F71401ADCDA5F00133483 /* BKLeaveEvent.h */ = {isa = PBXFileReference; fileEncoding = 4; lastKnownFileType = sourcecode.c.h; path = BKLeaveEvent.h; sourceTree = "<group>"; };
		2E9F71411ADCDA5F00133483 /* BKLeaveEvent.m */ = {isa = PBXFileReference; fileEncoding = 4; lastKnownFileType = sourcecode.c.objc; path = BKLeaveEvent.m; sourceTree = "<group>"; };
		2E9F71461ADCDA9300133483 /* BKSwipeEvent.h */ = {isa = PBXFileReference; fileEncoding = 4; lastKnownFileType = sourcecode.c.h; path = BKSwipeEvent.h; sourceTree = "<group>"; };
		2E9F71471ADCDA9300133483 /* BKSwipeEvent.m */ = {isa = PBXFileReference; fileEncoding = 4; lastKnownFileType = sourcecode.c.objc; path = BKSwipeEvent.m; sourceTree = "<group>"; };
		2E9F71491ADCDAA500133483 /* BKUpDownEvent.h */ = {isa = PBXFileReference; fileEncoding = 4; lastKnownFileType = sourcecode.c.h; path = BKUpDownEvent.h; sourceTree = "<group>"; };
		2E9F714A1ADCDAA500133483 /* BKUpDownEvent.m */ = {isa = PBXFileReference; fileEncoding = 4; lastKnownFileType = sourcecode.c.objc; path = BKUpDownEvent.m; sourceTree = "<group>"; };
		2E9F714C1ADCDAB700133483 /* BKClaspEvent.h */ = {isa = PBXFileReference; fileEncoding = 4; lastKnownFileType = sourcecode.c.h; path = BKClaspEvent.h; sourceTree = "<group>"; };
		2E9F714D1ADCDAB700133483 /* BKClaspEvent.m */ = {isa = PBXFileReference; fileEncoding = 4; lastKnownFileType = sourcecode.c.objc; path = BKClaspEvent.m; sourceTree = "<group>"; };
		2E9F714F1ADCDAC700133483 /* BKCountEvent.h */ = {isa = PBXFileReference; fileEncoding = 4; lastKnownFileType = sourcecode.c.h; path = BKCountEvent.h; sourceTree = "<group>"; };
		2E9F71501ADCDAC700133483 /* BKCountEvent.m */ = {isa = PBXFileReference; fileEncoding = 4; lastKnownFileType = sourcecode.c.objc; path = BKCountEvent.m; sourceTree = "<group>"; };
		2E9F71521ADCDAEB00133483 /* BKEnterEvent.h */ = {isa = PBXFileReference; fileEncoding = 4; lastKnownFileType = sourcecode.c.h; path = BKEnterEvent.h; sourceTree = "<group>"; };
		2E9F71531ADCDAEB00133483 /* BKEnterEvent.m */ = {isa = PBXFileReference; fileEncoding = 4; lastKnownFileType = sourcecode.c.objc; path = BKEnterEvent.m; sourceTree = "<group>"; };
		2E9F71581ADCDD6900133483 /* BKTypes.h */ = {isa = PBXFileReference; lastKnownFileType = sourcecode.c.h; path = BKTypes.h; sourceTree = "<group>"; };
		2E9F71591ADCE26400133483 /* BKEventDetector.h */ = {isa = PBXFileReference; fileEncoding = 4; lastKnownFileType = sourcecode.c.h; path = BKEventDetector.h; sourceTree = "<group>"; };
		2E9F715A1ADCE26400133483 /* BKEventDetector.m */ = {isa = PBXFileReference; fileEncoding = 4; lastKnownFileType = sourcecode.c.objc; path = BKEventDetector.m; sourceTree = "<group>"; };
		2E9F715C1ADCE40100133483 /* BKLeapController.h */ = {isa = PBXFileReference; fileEncoding = 4; lastKnownFileType = sourcecode.c.h; path = BKLeapController.h; sourceTree = "<group>"; };
		2E9F715D1ADCE40100133483 /* BKLeapController.m */ = {isa = PBXFileReference; fileEncoding = 4; lastKnownFileType = sourcecode.c.objc; path = BKLeapController.m; sourceTree = "<group>"; };
		2E9F71601ADD04CA00133483 /* BKHand+LeapAddtions.h */ = {isa = PBXFileReference; fileEncoding = 4; lastKnownFileType = sourcecode.c.h; path = "BKHand+LeapAddtions.h"; sourceTree = "<group>"; };
		2E9F71611ADD04CA00133483 /* BKHand+LeapAddtions.m */ = {isa = PBXFileReference; fileEncoding = 4; lastKnownFileType = sourcecode.c.objc; path = "BKHand+LeapAddtions.m"; sourceTree = "<group>"; };
		2E9F71631ADD0C9C00133483 /* BKVector+LeapAdditions.h */ = {isa = PBXFileReference; fileEncoding = 4; lastKnownFileType = sourcecode.c.h; path = "BKVector+LeapAdditions.h"; sourceTree = "<group>"; };
		2E9F71641ADD0C9C00133483 /* BKVector+LeapAdditions.m */ = {isa = PBXFileReference; fileEncoding = 4; lastKnownFileType = sourcecode.c.objc; path = "BKVector+LeapAdditions.m"; sourceTree = "<group>"; };
		2ECD90901AD266290057AC67 /* NetServer.app */ = {isa = PBXFileReference; explicitFileType = wrapper.application; includeInIndex = 0; path = NetServer.app; sourceTree = BUILT_PRODUCTS_DIR; };
		2ECD90941AD266290057AC67 /* Info.plist */ = {isa = PBXFileReference; lastKnownFileType = text.plist.xml; path = Info.plist; sourceTree = "<group>"; };
		2ECD90951AD266290057AC67 /* AppDelegate.h */ = {isa = PBXFileReference; lastKnownFileType = sourcecode.c.h; path = AppDelegate.h; sourceTree = "<group>"; };
		2ECD90961AD266290057AC67 /* AppDelegate.m */ = {isa = PBXFileReference; lastKnownFileType = sourcecode.c.objc; path = AppDelegate.m; sourceTree = "<group>"; };
		2ECD90981AD266290057AC67 /* main.m */ = {isa = PBXFileReference; lastKnownFileType = sourcecode.c.objc; path = main.m; sourceTree = "<group>"; };
		2ECD909A1AD2662A0057AC67 /* Images.xcassets */ = {isa = PBXFileReference; lastKnownFileType = folder.assetcatalog; path = Images.xcassets; sourceTree = "<group>"; };
		2ECD909D1AD2662A0057AC67 /* Base */ = {isa = PBXFileReference; lastKnownFileType = file.xib; name = Base; path = Base.lproj/MainMenu.xib; sourceTree = "<group>"; };
		2ECD90A31AD2662A0057AC67 /* NetServerTests.xctest */ = {isa = PBXFileReference; explicitFileType = wrapper.cfbundle; includeInIndex = 0; path = NetServerTests.xctest; sourceTree = BUILT_PRODUCTS_DIR; };
		2ECD90A81AD2662A0057AC67 /* Info.plist */ = {isa = PBXFileReference; lastKnownFileType = text.plist.xml; path = Info.plist; sourceTree = "<group>"; };
		2ECD90A91AD2662A0057AC67 /* NetServerTests.m */ = {isa = PBXFileReference; lastKnownFileType = sourcecode.c.objc; path = NetServerTests.m; sourceTree = "<group>"; };
		2ECD90B31AD266C50057AC67 /* BKNetService.h */ = {isa = PBXFileReference; fileEncoding = 4; lastKnownFileType = sourcecode.c.h; path = BKNetService.h; sourceTree = "<group>"; };
		2ECD90B41AD266C50057AC67 /* BKNetService.m */ = {isa = PBXFileReference; fileEncoding = 4; lastKnownFileType = sourcecode.c.objc; path = BKNetService.m; sourceTree = "<group>"; };
		2ECD90B61AD276460057AC67 /* BKNetSession.h */ = {isa = PBXFileReference; fileEncoding = 4; lastKnownFileType = sourcecode.c.h; path = BKNetSession.h; sourceTree = "<group>"; };
		2ECD90B71AD276460057AC67 /* BKNetSession.m */ = {isa = PBXFileReference; fileEncoding = 4; lastKnownFileType = sourcecode.c.objc; path = BKNetSession.m; sourceTree = "<group>"; };
		2ECD90B91AD279410057AC67 /* CoreFoundation.framework */ = {isa = PBXFileReference; lastKnownFileType = wrapper.framework; name = CoreFoundation.framework; path = System/Library/Frameworks/CoreFoundation.framework; sourceTree = SDKROOT; };
		2ECD90BC1AD27D9C0057AC67 /* BKNetService+Singleton.h */ = {isa = PBXFileReference; fileEncoding = 4; lastKnownFileType = sourcecode.c.h; path = "BKNetService+Singleton.h"; sourceTree = "<group>"; };
		2ECD90BD1AD27D9C0057AC67 /* BKNetService+Singleton.m */ = {isa = PBXFileReference; fileEncoding = 4; lastKnownFileType = sourcecode.c.objc; path = "BKNetService+Singleton.m"; sourceTree = "<group>"; };
		2EDC68E51AD67B2D0072B21F /* BKStream.h */ = {isa = PBXFileReference; fileEncoding = 4; lastKnownFileType = sourcecode.c.h; path = BKStream.h; sourceTree = "<group>"; };
		2EDC68E61AD67B2D0072B21F /* BKStream.m */ = {isa = PBXFileReference; fileEncoding = 4; lastKnownFileType = sourcecode.c.objc; path = BKStream.m; sourceTree = "<group>"; };
		2EDC68E91AD794C30072B21F /* Leap.h */ = {isa = PBXFileReference; fileEncoding = 4; lastKnownFileType = sourcecode.c.h; path = Leap.h; sourceTree = "<group>"; };
		2EDC68EA1AD794C30072B21F /* LeapMath.h */ = {isa = PBXFileReference; fileEncoding = 4; lastKnownFileType = sourcecode.c.h; path = LeapMath.h; sourceTree = "<group>"; };
		2EDC68EB1AD794C30072B21F /* LeapObjectiveC.h */ = {isa = PBXFileReference; fileEncoding = 4; lastKnownFileType = sourcecode.c.h; path = LeapObjectiveC.h; sourceTree = "<group>"; };
		2EDC68EC1AD794C30072B21F /* LeapObjectiveC.mm */ = {isa = PBXFileReference; fileEncoding = 4; lastKnownFileType = sourcecode.cpp.objcpp; path = LeapObjectiveC.mm; sourceTree = "<group>"; };
		2EDC68ED1AD794C30072B21F /* libLeap.dylib */ = {isa = PBXFileReference; lastKnownFileType = "compiled.mach-o.dylib"; path = libLeap.dylib; sourceTree = "<group>"; };
		2EDC68F21AD7969B0072B21F /* BKEventManager.h */ = {isa = PBXFileReference; fileEncoding = 4; lastKnownFileType = sourcecode.c.h; path = BKEventManager.h; sourceTree = "<group>"; };
		2EDC68F31AD7969B0072B21F /* BKEventManager.m */ = {isa = PBXFileReference; fileEncoding = 4; lastKnownFileType = sourcecode.c.objc; path = BKEventManager.m; sourceTree = "<group>"; };
		2EDC68F51AD7A11D0072B21F /* BKHand.h */ = {isa = PBXFileReference; fileEncoding = 4; lastKnownFileType = sourcecode.c.h; path = BKHand.h; sourceTree = "<group>"; };
		2EDC68F61AD7A11D0072B21F /* BKHand.m */ = {isa = PBXFileReference; fileEncoding = 4; lastKnownFileType = sourcecode.c.objc; path = BKHand.m; sourceTree = "<group>"; };
		2EDC68F81AD7ABCB0072B21F /* BKVector.h */ = {isa = PBXFileReference; fileEncoding = 4; lastKnownFileType = sourcecode.c.h; path = BKVector.h; sourceTree = "<group>"; };
		2EDC68F91AD7ABCB0072B21F /* BKVector.m */ = {isa = PBXFileReference; fileEncoding = 4; lastKnownFileType = sourcecode.c.objc; path = BKVector.m; sourceTree = "<group>"; };
/* End PBXFileReference section */

/* Begin PBXFrameworksBuildPhase section */
		2ECD908D1AD266290057AC67 /* Frameworks */ = {
			isa = PBXFrameworksBuildPhase;
			buildActionMask = 2147483647;
			files = (
				2EDC68EF1AD794C30072B21F /* libLeap.dylib in Frameworks */,
				2ECD90BA1AD279410057AC67 /* CoreFoundation.framework in Frameworks */,
			);
			runOnlyForDeploymentPostprocessing = 0;
		};
		2ECD90A01AD2662A0057AC67 /* Frameworks */ = {
			isa = PBXFrameworksBuildPhase;
			buildActionMask = 2147483647;
			files = (
			);
			runOnlyForDeploymentPostprocessing = 0;
		};
/* End PBXFrameworksBuildPhase section */

/* Begin PBXGroup section */
		2E9F71301ADC9EDA00133483 /* Model */ = {
			isa = PBXGroup;
			children = (
				2E9F71391ADCDA1400133483 /* Event */,
				2E9F71581ADCDD6900133483 /* BKTypes.h */,
				2E9F71331ADCAE3C00133483 /* BKPrepareBox.h */,
				2E9F71341ADCAE3C00133483 /* BKPrepareBox.m */,
				2E9F71591ADCE26400133483 /* BKEventDetector.h */,
				2E9F715A1ADCE26400133483 /* BKEventDetector.m */,
				2EDC68F21AD7969B0072B21F /* BKEventManager.h */,
				2EDC68F31AD7969B0072B21F /* BKEventManager.m */,
			);
			name = Model;
			sourceTree = "<group>";
		};
		2E9F71311ADCADFD00133483 /* LEAP */ = {
			isa = PBXGroup;
			children = (
				2E9F715C1ADCE40100133483 /* BKLeapController.h */,
				2E9F715D1ADCE40100133483 /* BKLeapController.m */,
			);
			name = LEAP;
			sourceTree = "<group>";
		};
		2E9F71321ADCAE0D00133483 /* Service */ = {
			isa = PBXGroup;
			children = (
				2ECD90B31AD266C50057AC67 /* BKNetService.h */,
				2ECD90B41AD266C50057AC67 /* BKNetService.m */,
				2ECD90BC1AD27D9C0057AC67 /* BKNetService+Singleton.h */,
				2ECD90BD1AD27D9C0057AC67 /* BKNetService+Singleton.m */,
				2ECD90B61AD276460057AC67 /* BKNetSession.h */,
				2ECD90B71AD276460057AC67 /* BKNetSession.m */,
				2EDC68E51AD67B2D0072B21F /* BKStream.h */,
				2EDC68E61AD67B2D0072B21F /* BKStream.m */,
			);
			name = Service;
			sourceTree = "<group>";
		};
		2E9F71391ADCDA1400133483 /* Event */ = {
			isa = PBXGroup;
			children = (
				2E9F71361ADCD74D00133483 /* BKEvent.h */,
				2E9F71371ADCD74D00133483 /* BKEvent.m */,
				2E9F71521ADCDAEB00133483 /* BKEnterEvent.h */,
				2E9F71531ADCDAEB00133483 /* BKEnterEvent.m */,
				2E9F71401ADCDA5F00133483 /* BKLeaveEvent.h */,
				2E9F71411ADCDA5F00133483 /* BKLeaveEvent.m */,
				2E9F71461ADCDA9300133483 /* BKSwipeEvent.h */,
				2E9F71471ADCDA9300133483 /* BKSwipeEvent.m */,
				2E9F71491ADCDAA500133483 /* BKUpDownEvent.h */,
				2E9F714A1ADCDAA500133483 /* BKUpDownEvent.m */,
				2E9F714C1ADCDAB700133483 /* BKClaspEvent.h */,
				2E9F714D1ADCDAB700133483 /* BKClaspEvent.m */,
				2E9F714F1ADCDAC700133483 /* BKCountEvent.h */,
				2E9F71501ADCDAC700133483 /* BKCountEvent.m */,
			);
			name = Event;
			sourceTree = "<group>";
		};
		2E9F715F1ADCE54600133483 /* ValueObject */ = {
			isa = PBXGroup;
			children = (
				2EDC68F51AD7A11D0072B21F /* BKHand.h */,
				2EDC68F61AD7A11D0072B21F /* BKHand.m */,
				2EDC68F81AD7ABCB0072B21F /* BKVector.h */,
				2EDC68F91AD7ABCB0072B21F /* BKVector.m */,
				2E9F71601ADD04CA00133483 /* BKHand+LeapAddtions.h */,
				2E9F71611ADD04CA00133483 /* BKHand+LeapAddtions.m */,
				2E9F71631ADD0C9C00133483 /* BKVector+LeapAdditions.h */,
				2E9F71641ADD0C9C00133483 /* BKVector+LeapAdditions.m */,
			);
			name = ValueObject;
			sourceTree = "<group>";
		};
		2ECD90871AD266290057AC67 = {
			isa = PBXGroup;
			children = (
				2ECD90921AD266290057AC67 /* NetServer */,
				2EDC68E81AD794C30072B21F /* ExternalLib */,
				2ECD90BB1AD2794C0057AC67 /* Frameworks */,
				2ECD90A61AD2662A0057AC67 /* NetServerTests */,
				2ECD90911AD266290057AC67 /* Products */,
			);
			sourceTree = "<group>";
		};
		2ECD90911AD266290057AC67 /* Products */ = {
			isa = PBXGroup;
			children = (
				2ECD90901AD266290057AC67 /* NetServer.app */,
				2ECD90A31AD2662A0057AC67 /* NetServerTests.xctest */,
			);
			name = Products;
			sourceTree = "<group>";
		};
		2ECD90921AD266290057AC67 /* NetServer */ = {
			isa = PBXGroup;
			children = (
				2E9F715F1ADCE54600133483 /* ValueObject */,
				2E9F71311ADCADFD00133483 /* LEAP */,
				2E9F71321ADCAE0D00133483 /* Service */,
				2E9F71301ADC9EDA00133483 /* Model */,
				2ECD90951AD266290057AC67 /* AppDelegate.h */,
				2ECD90961AD266290057AC67 /* AppDelegate.m */,
				2ECD909A1AD2662A0057AC67 /* Images.xcassets */,
				2ECD909C1AD2662A0057AC67 /* MainMenu.xib */,
				2ECD90931AD266290057AC67 /* Supporting Files */,
			);
			path = NetServer;
			sourceTree = "<group>";
		};
		2ECD90931AD266290057AC67 /* Supporting Files */ = {
			isa = PBXGroup;
			children = (
				2ECD90941AD266290057AC67 /* Info.plist */,
				2ECD90981AD266290057AC67 /* main.m */,
			);
			name = "Supporting Files";
			sourceTree = "<group>";
		};
		2ECD90A61AD2662A0057AC67 /* NetServerTests */ = {
			isa = PBXGroup;
			children = (
				2ECD90A91AD2662A0057AC67 /* NetServerTests.m */,
				2ECD90A71AD2662A0057AC67 /* Supporting Files */,
			);
			path = NetServerTests;
			sourceTree = "<group>";
		};
		2ECD90A71AD2662A0057AC67 /* Supporting Files */ = {
			isa = PBXGroup;
			children = (
				2ECD90A81AD2662A0057AC67 /* Info.plist */,
			);
			name = "Supporting Files";
			sourceTree = "<group>";
		};
		2ECD90BB1AD2794C0057AC67 /* Frameworks */ = {
			isa = PBXGroup;
			children = (
				2ECD90B91AD279410057AC67 /* CoreFoundation.framework */,
			);
			name = Frameworks;
			sourceTree = "<group>";
		};
		2EDC68E81AD794C30072B21F /* ExternalLib */ = {
			isa = PBXGroup;
			children = (
				2EDC68E91AD794C30072B21F /* Leap.h */,
				2EDC68EA1AD794C30072B21F /* LeapMath.h */,
				2EDC68EB1AD794C30072B21F /* LeapObjectiveC.h */,
				2EDC68EC1AD794C30072B21F /* LeapObjectiveC.mm */,
				2EDC68ED1AD794C30072B21F /* libLeap.dylib */,
			);
			path = ExternalLib;
			sourceTree = "<group>";
		};
/* End PBXGroup section */

/* Begin PBXNativeTarget section */
		2ECD908F1AD266290057AC67 /* NetServer */ = {
			isa = PBXNativeTarget;
			buildConfigurationList = 2ECD90AD1AD2662A0057AC67 /* Build configuration list for PBXNativeTarget "NetServer" */;
			buildPhases = (
				2ECD908C1AD266290057AC67 /* Sources */,
				2ECD908D1AD266290057AC67 /* Frameworks */,
				2ECD908E1AD266290057AC67 /* Resources */,
				2EDC68F01AD794F90072B21F /* CopyFiles */,
			);
			buildRules = (
			);
			dependencies = (
			);
			name = NetServer;
			productName = NetServer;
			productReference = 2ECD90901AD266290057AC67 /* NetServer.app */;
			productType = "com.apple.product-type.application";
		};
		2ECD90A21AD2662A0057AC67 /* NetServerTests */ = {
			isa = PBXNativeTarget;
			buildConfigurationList = 2ECD90B01AD2662A0057AC67 /* Build configuration list for PBXNativeTarget "NetServerTests" */;
			buildPhases = (
				2ECD909F1AD2662A0057AC67 /* Sources */,
				2ECD90A01AD2662A0057AC67 /* Frameworks */,
				2ECD90A11AD2662A0057AC67 /* Resources */,
			);
			buildRules = (
			);
			dependencies = (
				2ECD90A51AD2662A0057AC67 /* PBXTargetDependency */,
			);
			name = NetServerTests;
			productName = NetServerTests;
			productReference = 2ECD90A31AD2662A0057AC67 /* NetServerTests.xctest */;
			productType = "com.apple.product-type.bundle.unit-test";
		};
/* End PBXNativeTarget section */

/* Begin PBXProject section */
		2ECD90881AD266290057AC67 /* Project object */ = {
			isa = PBXProject;
			attributes = {
				LastUpgradeCheck = 0620;
				ORGANIZATIONNAME = bearkode;
				TargetAttributes = {
					2ECD908F1AD266290057AC67 = {
						CreatedOnToolsVersion = 6.2;
					};
					2ECD90A21AD2662A0057AC67 = {
						CreatedOnToolsVersion = 6.2;
						TestTargetID = 2ECD908F1AD266290057AC67;
					};
				};
			};
			buildConfigurationList = 2ECD908B1AD266290057AC67 /* Build configuration list for PBXProject "NetServer" */;
			compatibilityVersion = "Xcode 3.2";
			developmentRegion = English;
			hasScannedForEncodings = 0;
			knownRegions = (
				en,
				Base,
			);
			mainGroup = 2ECD90871AD266290057AC67;
			productRefGroup = 2ECD90911AD266290057AC67 /* Products */;
			projectDirPath = "";
			projectRoot = "";
			targets = (
				2ECD908F1AD266290057AC67 /* NetServer */,
				2ECD90A21AD2662A0057AC67 /* NetServerTests */,
			);
		};
/* End PBXProject section */

/* Begin PBXResourcesBuildPhase section */
		2ECD908E1AD266290057AC67 /* Resources */ = {
			isa = PBXResourcesBuildPhase;
			buildActionMask = 2147483647;
			files = (
				2ECD909B1AD2662A0057AC67 /* Images.xcassets in Resources */,
				2ECD909E1AD2662A0057AC67 /* MainMenu.xib in Resources */,
			);
			runOnlyForDeploymentPostprocessing = 0;
		};
		2ECD90A11AD2662A0057AC67 /* Resources */ = {
			isa = PBXResourcesBuildPhase;
			buildActionMask = 2147483647;
			files = (
			);
			runOnlyForDeploymentPostprocessing = 0;
		};
/* End PBXResourcesBuildPhase section */

/* Begin PBXSourcesBuildPhase section */
		2ECD908C1AD266290057AC67 /* Sources */ = {
			isa = PBXSourcesBuildPhase;
			buildActionMask = 2147483647;
			files = (
				2E9F714B1ADCDAA500133483 /* BKUpDownEvent.m in Sources */,
				2E9F714E1ADCDAB700133483 /* BKClaspEvent.m in Sources */,
				2E9F71481ADCDA9300133483 /* BKSwipeEvent.m in Sources */,
				2E9F71621ADD04CA00133483 /* BKHand+LeapAddtions.m in Sources */,
				2E9F71381ADCD74D00133483 /* BKEvent.m in Sources */,
				2E9F71511ADCDAC700133483 /* BKCountEvent.m in Sources */,
				2ECD90991AD266290057AC67 /* main.m in Sources */,
				2EDC68EE1AD794C30072B21F /* LeapObjectiveC.mm in Sources */,
				2E9F71421ADCDA5F00133483 /* BKLeaveEvent.m in Sources */,
				2E9F71651ADD0C9C00133483 /* BKVector+LeapAdditions.m in Sources */,
				2E9F715E1ADCE40100133483 /* BKLeapController.m in Sources */,
				2EDC68F71AD7A11D0072B21F /* BKHand.m in Sources */,
				2EDC68F41AD7969B0072B21F /* BKEventManager.m in Sources */,
				2ECD90B81AD276460057AC67 /* BKNetSession.m in Sources */,
				2ECD90971AD266290057AC67 /* AppDelegate.m in Sources */,
				2E9F71351ADCAE3C00133483 /* BKPrepareBox.m in Sources */,
				2ECD90B51AD266C50057AC67 /* BKNetService.m in Sources */,
				2EDC68E71AD67B2D0072B21F /* BKStream.m in Sources */,
				2ECD90BE1AD27D9C0057AC67 /* BKNetService+Singleton.m in Sources */,
				2E9F715B1ADCE26400133483 /* BKEventDetector.m in Sources */,
				2E9F71541ADCDAEB00133483 /* BKEnterEvent.m in Sources */,
				2EDC68FA1AD7ABCB0072B21F /* BKVector.m in Sources */,
			);
			runOnlyForDeploymentPostprocessing = 0;
		};
		2ECD909F1AD2662A0057AC67 /* Sources */ = {
			isa = PBXSourcesBuildPhase;
			buildActionMask = 2147483647;
			files = (
				2ECD90AA1AD2662A0057AC67 /* NetServerTests.m in Sources */,
			);
			runOnlyForDeploymentPostprocessing = 0;
		};
/* End PBXSourcesBuildPhase section */

/* Begin PBXTargetDependency section */
		2ECD90A51AD2662A0057AC67 /* PBXTargetDependency */ = {
			isa = PBXTargetDependency;
			target = 2ECD908F1AD266290057AC67 /* NetServer */;
			targetProxy = 2ECD90A41AD2662A0057AC67 /* PBXContainerItemProxy */;
		};
/* End PBXTargetDependency section */

/* Begin PBXVariantGroup section */
		2ECD909C1AD2662A0057AC67 /* MainMenu.xib */ = {
			isa = PBXVariantGroup;
			children = (
				2ECD909D1AD2662A0057AC67 /* Base */,
			);
			name = MainMenu.xib;
			sourceTree = "<group>";
		};
/* End PBXVariantGroup section */

/* Begin XCBuildConfiguration section */
		2ECD90AB1AD2662A0057AC67 /* Debug */ = {
			isa = XCBuildConfiguration;
			buildSettings = {
				ALWAYS_SEARCH_USER_PATHS = NO;
				CLANG_CXX_LANGUAGE_STANDARD = "gnu++0x";
				CLANG_CXX_LIBRARY = "libc++";
				CLANG_ENABLE_MODULES = YES;
				CLANG_ENABLE_OBJC_ARC = YES;
				CLANG_WARN_BOOL_CONVERSION = YES;
				CLANG_WARN_CONSTANT_CONVERSION = YES;
				CLANG_WARN_DIRECT_OBJC_ISA_USAGE = YES_ERROR;
				CLANG_WARN_EMPTY_BODY = YES;
				CLANG_WARN_ENUM_CONVERSION = YES;
				CLANG_WARN_INT_CONVERSION = YES;
				CLANG_WARN_OBJC_ROOT_CLASS = YES_ERROR;
				CLANG_WARN_UNREACHABLE_CODE = YES;
				CLANG_WARN__DUPLICATE_METHOD_MATCH = YES;
				CODE_SIGN_IDENTITY = "-";
				COPY_PHASE_STRIP = NO;
				ENABLE_STRICT_OBJC_MSGSEND = YES;
				GCC_C_LANGUAGE_STANDARD = gnu99;
				GCC_DYNAMIC_NO_PIC = NO;
				GCC_OPTIMIZATION_LEVEL = 0;
				GCC_PREPROCESSOR_DEFINITIONS = (
					"DEBUG=1",
					"$(inherited)",
				);
				GCC_SYMBOLS_PRIVATE_EXTERN = NO;
				GCC_WARN_64_TO_32_BIT_CONVERSION = YES;
				GCC_WARN_ABOUT_RETURN_TYPE = YES_ERROR;
				GCC_WARN_UNDECLARED_SELECTOR = YES;
				GCC_WARN_UNINITIALIZED_AUTOS = YES_AGGRESSIVE;
				GCC_WARN_UNUSED_FUNCTION = YES;
				GCC_WARN_UNUSED_VARIABLE = YES;
				MACOSX_DEPLOYMENT_TARGET = 10.10;
				MTL_ENABLE_DEBUG_INFO = YES;
				ONLY_ACTIVE_ARCH = YES;
				SDKROOT = macosx;
			};
			name = Debug;
		};
		2ECD90AC1AD2662A0057AC67 /* Release */ = {
			isa = XCBuildConfiguration;
			buildSettings = {
				ALWAYS_SEARCH_USER_PATHS = NO;
				CLANG_CXX_LANGUAGE_STANDARD = "gnu++0x";
				CLANG_CXX_LIBRARY = "libc++";
				CLANG_ENABLE_MODULES = YES;
				CLANG_ENABLE_OBJC_ARC = YES;
				CLANG_WARN_BOOL_CONVERSION = YES;
				CLANG_WARN_CONSTANT_CONVERSION = YES;
				CLANG_WARN_DIRECT_OBJC_ISA_USAGE = YES_ERROR;
				CLANG_WARN_EMPTY_BODY = YES;
				CLANG_WARN_ENUM_CONVERSION = YES;
				CLANG_WARN_INT_CONVERSION = YES;
				CLANG_WARN_OBJC_ROOT_CLASS = YES_ERROR;
				CLANG_WARN_UNREACHABLE_CODE = YES;
				CLANG_WARN__DUPLICATE_METHOD_MATCH = YES;
				CODE_SIGN_IDENTITY = "-";
				COPY_PHASE_STRIP = NO;
				DEBUG_INFORMATION_FORMAT = "dwarf-with-dsym";
				ENABLE_NS_ASSERTIONS = NO;
				ENABLE_STRICT_OBJC_MSGSEND = YES;
				GCC_C_LANGUAGE_STANDARD = gnu99;
				GCC_WARN_64_TO_32_BIT_CONVERSION = YES;
				GCC_WARN_ABOUT_RETURN_TYPE = YES_ERROR;
				GCC_WARN_UNDECLARED_SELECTOR = YES;
				GCC_WARN_UNINITIALIZED_AUTOS = YES_AGGRESSIVE;
				GCC_WARN_UNUSED_FUNCTION = YES;
				GCC_WARN_UNUSED_VARIABLE = YES;
				MACOSX_DEPLOYMENT_TARGET = 10.10;
				MTL_ENABLE_DEBUG_INFO = NO;
				SDKROOT = macosx;
			};
			name = Release;
		};
		2ECD90AE1AD2662A0057AC67 /* Debug */ = {
			isa = XCBuildConfiguration;
			buildSettings = {
				ASSETCATALOG_COMPILER_APPICON_NAME = AppIcon;
				CLANG_ENABLE_OBJC_ARC = NO;
				COMBINE_HIDPI_IMAGES = YES;
				INFOPLIST_FILE = NetServer/Info.plist;
				LD_RUNPATH_SEARCH_PATHS = "$(inherited) @executable_path/../Frameworks";
				LIBRARY_SEARCH_PATHS = (
					"$(inherited)",
					"$(PROJECT_DIR)/ExternalLib",
				);
				PRODUCT_NAME = "$(TARGET_NAME)";
			};
			name = Debug;
		};
		2ECD90AF1AD2662A0057AC67 /* Release */ = {
			isa = XCBuildConfiguration;
			buildSettings = {
				ASSETCATALOG_COMPILER_APPICON_NAME = AppIcon;
				CLANG_ENABLE_OBJC_ARC = NO;
				COMBINE_HIDPI_IMAGES = YES;
				INFOPLIST_FILE = NetServer/Info.plist;
				LD_RUNPATH_SEARCH_PATHS = "$(inherited) @executable_path/../Frameworks";
				LIBRARY_SEARCH_PATHS = (
					"$(inherited)",
					"$(PROJECT_DIR)/ExternalLib",
				);
				PRODUCT_NAME = "$(TARGET_NAME)";
			};
			name = Release;
		};
		2ECD90B11AD2662A0057AC67 /* Debug */ = {
			isa = XCBuildConfiguration;
			buildSettings = {
				BUNDLE_LOADER = "$(TEST_HOST)";
				COMBINE_HIDPI_IMAGES = YES;
				FRAMEWORK_SEARCH_PATHS = (
					"$(DEVELOPER_FRAMEWORKS_DIR)",
					"$(inherited)",
				);
				GCC_PREPROCESSOR_DEFINITIONS = (
					"DEBUG=1",
					"$(inherited)",
				);
				INFOPLIST_FILE = NetServerTests/Info.plist;
				LD_RUNPATH_SEARCH_PATHS = "$(inherited) @executable_path/../Frameworks @loader_path/../Frameworks";
				PRODUCT_NAME = "$(TARGET_NAME)";
				TEST_HOST = "$(BUILT_PRODUCTS_DIR)/NetServer.app/Contents/MacOS/NetServer";
			};
			name = Debug;
		};
		2ECD90B21AD2662A0057AC67 /* Release */ = {
			isa = XCBuildConfiguration;
			buildSettings = {
				BUNDLE_LOADER = "$(TEST_HOST)";
				COMBINE_HIDPI_IMAGES = YES;
				FRAMEWORK_SEARCH_PATHS = (
					"$(DEVELOPER_FRAMEWORKS_DIR)",
					"$(inherited)",
				);
				INFOPLIST_FILE = NetServerTests/Info.plist;
				LD_RUNPATH_SEARCH_PATHS = "$(inherited) @executable_path/../Frameworks @loader_path/../Frameworks";
				PRODUCT_NAME = "$(TARGET_NAME)";
				TEST_HOST = "$(BUILT_PRODUCTS_DIR)/NetServer.app/Contents/MacOS/NetServer";
			};
			name = Release;
		};
/* End XCBuildConfiguration section */

/* Begin XCConfigurationList section */
		2ECD908B1AD266290057AC67 /* Build configuration list for PBXProject "NetServer" */ = {
			isa = XCConfigurationList;
			buildConfigurations = (
				2ECD90AB1AD2662A0057AC67 /* Debug */,
				2ECD90AC1AD2662A0057AC67 /* Release */,
			);
			defaultConfigurationIsVisible = 0;
			defaultConfigurationName = Release;
		};
		2ECD90AD1AD2662A0057AC67 /* Build configuration list for PBXNativeTarget "NetServer" */ = {
			isa = XCConfigurationList;
			buildConfigurations = (
				2ECD90AE1AD2662A0057AC67 /* Debug */,
				2ECD90AF1AD2662A0057AC67 /* Release */,
			);
			defaultConfigurationIsVisible = 0;
			defaultConfigurationName = Release;
		};
		2ECD90B01AD2662A0057AC67 /* Build configuration list for PBXNativeTarget "NetServerTests" */ = {
			isa = XCConfigurationList;
			buildConfigurations = (
				2ECD90B11AD2662A0057AC67 /* Debug */,
				2ECD90B21AD2662A0057AC67 /* Release */,
			);
			defaultConfigurationIsVisible = 0;
			defaultConfigurationName = Release;
		};
/* End XCConfigurationList section */
	};
	rootObject = 2ECD90881AD266290057AC67 /* Project object */;
}
