// !$*UTF8*$!
{
	archiveVersion = 1;
	classes = {
	};
	objectVersion = 46;
	objects = {

/* Begin PBXBuildFile section */
		2E9F715E1ADCE40100133483 /* BKLeapController.m in Sources */ = {isa = PBXBuildFile; fileRef = 2E9F715D1ADCE40100133483 /* BKLeapController.m */; };
		2E9F71621ADD04CA00133483 /* BKFrame+LeapAddtions.m in Sources */ = {isa = PBXBuildFile; fileRef = 2E9F71611ADD04CA00133483 /* BKFrame+LeapAddtions.m */; };
		2E9F71651ADD0C9C00133483 /* BKVector+LeapAdditions.m in Sources */ = {isa = PBXBuildFile; fileRef = 2E9F71641ADD0C9C00133483 /* BKVector+LeapAdditions.m */; };
		2ECD90971AD266290057AC67 /* AppDelegate.m in Sources */ = {isa = PBXBuildFile; fileRef = 2ECD90961AD266290057AC67 /* AppDelegate.m */; };
		2ECD90991AD266290057AC67 /* main.m in Sources */ = {isa = PBXBuildFile; fileRef = 2ECD90981AD266290057AC67 /* main.m */; };
		2ECD909B1AD2662A0057AC67 /* Images.xcassets in Resources */ = {isa = PBXBuildFile; fileRef = 2ECD909A1AD2662A0057AC67 /* Images.xcassets */; };
		2ECD909E1AD2662A0057AC67 /* MainMenu.xib in Resources */ = {isa = PBXBuildFile; fileRef = 2ECD909C1AD2662A0057AC67 /* MainMenu.xib */; };
		2ECD90AA1AD2662A0057AC67 /* NetServerTests.m in Sources */ = {isa = PBXBuildFile; fileRef = 2ECD90A91AD2662A0057AC67 /* NetServerTests.m */; };
		2ECD90B51AD266C50057AC67 /* BKNetService.m in Sources */ = {isa = PBXBuildFile; fileRef = 2ECD90B41AD266C50057AC67 /* BKNetService.m */; };
		2ECD90B81AD276460057AC67 /* BKNetSession.m in Sources */ = {isa = PBXBuildFile; fileRef = 2ECD90B71AD276460057AC67 /* BKNetSession.m */; };
		2ECD90BA1AD279410057AC67 /* CoreFoundation.framework in Frameworks */ = {isa = PBXBuildFile; fileRef = 2ECD90B91AD279410057AC67 /* CoreFoundation.framework */; };
		2ECD90BE1AD27D9C0057AC67 /* BKNetService+Singleton.m in Sources */ = {isa = PBXBuildFile; fileRef = 2ECD90BD1AD27D9C0057AC67 /* BKNetService+Singleton.m */; };
		2EDC68EE1AD794C30072B21F /* LeapObjectiveC.mm in Sources */ = {isa = PBXBuildFile; fileRef = 2EDC68EC1AD794C30072B21F /* LeapObjectiveC.mm */; settings = {COMPILER_FLAGS = "-fobjc-arc"; }; };
		2EDC68EF1AD794C30072B21F /* libLeap.dylib in Frameworks */ = {isa = PBXBuildFile; fileRef = 2EDC68ED1AD794C30072B21F /* libLeap.dylib */; };
		2EDC68F11AD795030072B21F /* libLeap.dylib in CopyFiles */ = {isa = PBXBuildFile; fileRef = 2EDC68ED1AD794C30072B21F /* libLeap.dylib */; settings = {ATTRIBUTES = (CodeSignOnCopy, ); }; };
		2EDC68F41AD7969B0072B21F /* BKEventManager.m in Sources */ = {isa = PBXBuildFile; fileRef = 2EDC68F31AD7969B0072B21F /* BKEventManager.m */; };
		4A8801F81AF79BF10072AC3A /* main.m in Sources */ = {isa = PBXBuildFile; fileRef = 4A8801F71AF79BF10072AC3A /* main.m */; };
		4A8801FB1AF79BF10072AC3A /* AppDelegate.m in Sources */ = {isa = PBXBuildFile; fileRef = 4A8801FA1AF79BF10072AC3A /* AppDelegate.m */; };
		4A8802031AF79BF10072AC3A /* Images.xcassets in Resources */ = {isa = PBXBuildFile; fileRef = 4A8802021AF79BF10072AC3A /* Images.xcassets */; };
		4A8802061AF79BF10072AC3A /* LaunchScreen.xib in Resources */ = {isa = PBXBuildFile; fileRef = 4A8802041AF79BF10072AC3A /* LaunchScreen.xib */; };
		4A8802121AF79BF20072AC3A /* MusicPlayerTests.m in Sources */ = {isa = PBXBuildFile; fileRef = 4A8802111AF79BF20072AC3A /* MusicPlayerTests.m */; };
		4AEB2DCC1AF7A0AE0073BC14 /* BKPlayListViewController.m in Sources */ = {isa = PBXBuildFile; fileRef = 4AEB2DCB1AF7A0AE0073BC14 /* BKPlayListViewController.m */; };
		4AF62E871AF9D78100BA378B /* BKClaspEvent.m in Sources */ = {isa = PBXBuildFile; fileRef = 4AF62E711AF9D78100BA378B /* BKClaspEvent.m */; };
		4AF62E881AF9D78100BA378B /* BKClaspEvent.m in Sources */ = {isa = PBXBuildFile; fileRef = 4AF62E711AF9D78100BA378B /* BKClaspEvent.m */; };
		4AF62E891AF9D78100BA378B /* BKCountEvent.m in Sources */ = {isa = PBXBuildFile; fileRef = 4AF62E731AF9D78100BA378B /* BKCountEvent.m */; };
		4AF62E8A1AF9D78100BA378B /* BKCountEvent.m in Sources */ = {isa = PBXBuildFile; fileRef = 4AF62E731AF9D78100BA378B /* BKCountEvent.m */; };
		4AF62E8B1AF9D78100BA378B /* BKEnterBoxEvent.m in Sources */ = {isa = PBXBuildFile; fileRef = 4AF62E751AF9D78100BA378B /* BKEnterBoxEvent.m */; };
		4AF62E8C1AF9D78100BA378B /* BKEnterBoxEvent.m in Sources */ = {isa = PBXBuildFile; fileRef = 4AF62E751AF9D78100BA378B /* BKEnterBoxEvent.m */; };
		4AF62E8F1AF9D78100BA378B /* BKEvent.m in Sources */ = {isa = PBXBuildFile; fileRef = 4AF62E791AF9D78100BA378B /* BKEvent.m */; };
		4AF62E901AF9D78100BA378B /* BKEvent.m in Sources */ = {isa = PBXBuildFile; fileRef = 4AF62E791AF9D78100BA378B /* BKEvent.m */; };
		4AF62E911AF9D78100BA378B /* BKLeaveBoxEvent.m in Sources */ = {isa = PBXBuildFile; fileRef = 4AF62E7C1AF9D78100BA378B /* BKLeaveBoxEvent.m */; };
		4AF62E921AF9D78100BA378B /* BKLeaveBoxEvent.m in Sources */ = {isa = PBXBuildFile; fileRef = 4AF62E7C1AF9D78100BA378B /* BKLeaveBoxEvent.m */; };
		4AF62E931AF9D78100BA378B /* BKOfflineEvent.m in Sources */ = {isa = PBXBuildFile; fileRef = 4AF62E7E1AF9D78100BA378B /* BKOfflineEvent.m */; };
		4AF62E941AF9D78100BA378B /* BKOfflineEvent.m in Sources */ = {isa = PBXBuildFile; fileRef = 4AF62E7E1AF9D78100BA378B /* BKOfflineEvent.m */; };
		4AF62E951AF9D78100BA378B /* BKOnlineEvent.m in Sources */ = {isa = PBXBuildFile; fileRef = 4AF62E801AF9D78100BA378B /* BKOnlineEvent.m */; };
		4AF62E961AF9D78100BA378B /* BKOnlineEvent.m in Sources */ = {isa = PBXBuildFile; fileRef = 4AF62E801AF9D78100BA378B /* BKOnlineEvent.m */; };
		4AF62E971AF9D78100BA378B /* BKStandbyEvent.m in Sources */ = {isa = PBXBuildFile; fileRef = 4AF62E821AF9D78100BA378B /* BKStandbyEvent.m */; };
		4AF62E981AF9D78100BA378B /* BKStandbyEvent.m in Sources */ = {isa = PBXBuildFile; fileRef = 4AF62E821AF9D78100BA378B /* BKStandbyEvent.m */; };
		4AF62E991AF9D78100BA378B /* BKSwipeEvent.m in Sources */ = {isa = PBXBuildFile; fileRef = 4AF62E841AF9D78100BA378B /* BKSwipeEvent.m */; };
		4AF62E9A1AF9D78100BA378B /* BKSwipeEvent.m in Sources */ = {isa = PBXBuildFile; fileRef = 4AF62E841AF9D78100BA378B /* BKSwipeEvent.m */; };
		4AF62E9B1AF9D78100BA378B /* BKUpDownEvent.m in Sources */ = {isa = PBXBuildFile; fileRef = 4AF62E861AF9D78100BA378B /* BKUpDownEvent.m */; };
		4AF62E9C1AF9D78100BA378B /* BKUpDownEvent.m in Sources */ = {isa = PBXBuildFile; fileRef = 4AF62E861AF9D78100BA378B /* BKUpDownEvent.m */; };
		4AF62EA31AF9D94D00BA378B /* BKFrame.m in Sources */ = {isa = PBXBuildFile; fileRef = 4AF62EA01AF9D94D00BA378B /* BKFrame.m */; };
		4AF62EA41AF9D94D00BA378B /* BKFrame.m in Sources */ = {isa = PBXBuildFile; fileRef = 4AF62EA01AF9D94D00BA378B /* BKFrame.m */; };
		4AF62EA51AF9D94D00BA378B /* BKVector.m in Sources */ = {isa = PBXBuildFile; fileRef = 4AF62EA21AF9D94D00BA378B /* BKVector.m */; };
		4AF62EA61AF9D94D00BA378B /* BKVector.m in Sources */ = {isa = PBXBuildFile; fileRef = 4AF62EA21AF9D94D00BA378B /* BKVector.m */; };
		4AF62EAA1AF9DD6000BA378B /* BKPacket.m in Sources */ = {isa = PBXBuildFile; fileRef = 4AF62EA91AF9DD6000BA378B /* BKPacket.m */; };
		4AF62EAB1AF9DD6000BA378B /* BKPacket.m in Sources */ = {isa = PBXBuildFile; fileRef = 4AF62EA91AF9DD6000BA378B /* BKPacket.m */; };
		4AF62EB11AF9DDD300BA378B /* BKMotionController.m in Sources */ = {isa = PBXBuildFile; fileRef = 4AF62EAE1AF9DDD300BA378B /* BKMotionController.m */; };
		4AF62EB21AF9DDD300BA378B /* BKMotionController.m in Sources */ = {isa = PBXBuildFile; fileRef = 4AF62EAE1AF9DDD300BA378B /* BKMotionController.m */; };
		4AF62EB31AF9DDD300BA378B /* BKMotionController+ServiceBrowser.m in Sources */ = {isa = PBXBuildFile; fileRef = 4AF62EB01AF9DDD300BA378B /* BKMotionController+ServiceBrowser.m */; };
		4AF62EB41AF9DDD300BA378B /* BKMotionController+ServiceBrowser.m in Sources */ = {isa = PBXBuildFile; fileRef = 4AF62EB01AF9DDD300BA378B /* BKMotionController+ServiceBrowser.m */; };
		4AF62EB71AF9DE5100BA378B /* BKStream.m in Sources */ = {isa = PBXBuildFile; fileRef = 4AF62EB61AF9DE5100BA378B /* BKStream.m */; };
		4AF62EB81AF9DE5100BA378B /* BKStream.m in Sources */ = {isa = PBXBuildFile; fileRef = 4AF62EB61AF9DE5100BA378B /* BKStream.m */; };
		4AF62EBB1AFA0EFB00BA378B /* BKFrameBuffer.m in Sources */ = {isa = PBXBuildFile; fileRef = 4AF62EBA1AFA0EFB00BA378B /* BKFrameBuffer.m */; };
		4AF62EBC1AFA0EFB00BA378B /* BKFrameBuffer.m in Sources */ = {isa = PBXBuildFile; fileRef = 4AF62EBA1AFA0EFB00BA378B /* BKFrameBuffer.m */; };
		4AF62EBF1AFA0F0900BA378B /* BKFrameBuffer+Detector.m in Sources */ = {isa = PBXBuildFile; fileRef = 4AF62EBE1AFA0F0900BA378B /* BKFrameBuffer+Detector.m */; };
		4AF62EC01AFA0F0900BA378B /* BKFrameBuffer+Detector.m in Sources */ = {isa = PBXBuildFile; fileRef = 4AF62EBE1AFA0F0900BA378B /* BKFrameBuffer+Detector.m */; };
		4AF62EC31AFA0F1A00BA378B /* BKEventState.m in Sources */ = {isa = PBXBuildFile; fileRef = 4AF62EC21AFA0F1A00BA378B /* BKEventState.m */; };
		4AF62EC41AFA0F1A00BA378B /* BKEventState.m in Sources */ = {isa = PBXBuildFile; fileRef = 4AF62EC21AFA0F1A00BA378B /* BKEventState.m */; };
		4AF62EC71AFA0F2900BA378B /* BKPrepareBox.m in Sources */ = {isa = PBXBuildFile; fileRef = 4AF62EC61AFA0F2900BA378B /* BKPrepareBox.m */; };
		4AF62EC81AFA0F2900BA378B /* BKPrepareBox.m in Sources */ = {isa = PBXBuildFile; fileRef = 4AF62EC61AFA0F2900BA378B /* BKPrepareBox.m */; };
		4AF62ECB1AFA107300BA378B /* BKEventDetector.m in Sources */ = {isa = PBXBuildFile; fileRef = 4AF62ECA1AFA107300BA378B /* BKEventDetector.m */; };
		4AF62ECC1AFA107300BA378B /* BKEventDetector.m in Sources */ = {isa = PBXBuildFile; fileRef = 4AF62ECA1AFA107300BA378B /* BKEventDetector.m */; };
/* End PBXBuildFile section */

/* Begin PBXContainerItemProxy section */
		2ECD90A41AD2662A0057AC67 /* PBXContainerItemProxy */ = {
			isa = PBXContainerItemProxy;
			containerPortal = 2ECD90881AD266290057AC67 /* Project object */;
			proxyType = 1;
			remoteGlobalIDString = 2ECD908F1AD266290057AC67;
			remoteInfo = NetServer;
		};
		4A88020C1AF79BF20072AC3A /* PBXContainerItemProxy */ = {
			isa = PBXContainerItemProxy;
			containerPortal = 2ECD90881AD266290057AC67 /* Project object */;
			proxyType = 1;
			remoteGlobalIDString = 4A8801F21AF79BF10072AC3A;
			remoteInfo = MusicPlayer;
		};
/* End PBXContainerItemProxy section */

/* Begin PBXCopyFilesBuildPhase section */
		2EDC68F01AD794F90072B21F /* CopyFiles */ = {
			isa = PBXCopyFilesBuildPhase;
			buildActionMask = 2147483647;
			dstPath = "";
			dstSubfolderSpec = 6;
			files = (
				2EDC68F11AD795030072B21F /* libLeap.dylib in CopyFiles */,
			);
			runOnlyForDeploymentPostprocessing = 0;
		};
/* End PBXCopyFilesBuildPhase section */

/* Begin PBXFileReference section */
		2E9F715C1ADCE40100133483 /* BKLeapController.h */ = {isa = PBXFileReference; fileEncoding = 4; lastKnownFileType = sourcecode.c.h; path = BKLeapController.h; sourceTree = "<group>"; };
		2E9F715D1ADCE40100133483 /* BKLeapController.m */ = {isa = PBXFileReference; fileEncoding = 4; lastKnownFileType = sourcecode.c.objc; path = BKLeapController.m; sourceTree = "<group>"; };
		2E9F71601ADD04CA00133483 /* BKFrame+LeapAddtions.h */ = {isa = PBXFileReference; fileEncoding = 4; lastKnownFileType = sourcecode.c.h; path = "BKFrame+LeapAddtions.h"; sourceTree = "<group>"; };
		2E9F71611ADD04CA00133483 /* BKFrame+LeapAddtions.m */ = {isa = PBXFileReference; fileEncoding = 4; lastKnownFileType = sourcecode.c.objc; path = "BKFrame+LeapAddtions.m"; sourceTree = "<group>"; };
		2E9F71631ADD0C9C00133483 /* BKVector+LeapAdditions.h */ = {isa = PBXFileReference; fileEncoding = 4; lastKnownFileType = sourcecode.c.h; path = "BKVector+LeapAdditions.h"; sourceTree = "<group>"; };
		2E9F71641ADD0C9C00133483 /* BKVector+LeapAdditions.m */ = {isa = PBXFileReference; fileEncoding = 4; lastKnownFileType = sourcecode.c.objc; path = "BKVector+LeapAdditions.m"; sourceTree = "<group>"; };
		2ECD90901AD266290057AC67 /* NetServer.app */ = {isa = PBXFileReference; explicitFileType = wrapper.application; includeInIndex = 0; path = NetServer.app; sourceTree = BUILT_PRODUCTS_DIR; };
		2ECD90941AD266290057AC67 /* Info.plist */ = {isa = PBXFileReference; lastKnownFileType = text.plist.xml; path = Info.plist; sourceTree = "<group>"; };
		2ECD90951AD266290057AC67 /* AppDelegate.h */ = {isa = PBXFileReference; lastKnownFileType = sourcecode.c.h; path = AppDelegate.h; sourceTree = "<group>"; };
		2ECD90961AD266290057AC67 /* AppDelegate.m */ = {isa = PBXFileReference; lastKnownFileType = sourcecode.c.objc; path = AppDelegate.m; sourceTree = "<group>"; };
		2ECD90981AD266290057AC67 /* main.m */ = {isa = PBXFileReference; lastKnownFileType = sourcecode.c.objc; path = main.m; sourceTree = "<group>"; };
		2ECD909A1AD2662A0057AC67 /* Images.xcassets */ = {isa = PBXFileReference; lastKnownFileType = folder.assetcatalog; path = Images.xcassets; sourceTree = "<group>"; };
		2ECD909D1AD2662A0057AC67 /* Base */ = {isa = PBXFileReference; lastKnownFileType = file.xib; name = Base; path = Base.lproj/MainMenu.xib; sourceTree = "<group>"; };
		2ECD90A31AD2662A0057AC67 /* NetServerTests.xctest */ = {isa = PBXFileReference; explicitFileType = wrapper.cfbundle; includeInIndex = 0; path = NetServerTests.xctest; sourceTree = BUILT_PRODUCTS_DIR; };
		2ECD90A81AD2662A0057AC67 /* Info.plist */ = {isa = PBXFileReference; lastKnownFileType = text.plist.xml; path = Info.plist; sourceTree = "<group>"; };
		2ECD90A91AD2662A0057AC67 /* NetServerTests.m */ = {isa = PBXFileReference; lastKnownFileType = sourcecode.c.objc; path = NetServerTests.m; sourceTree = "<group>"; };
		2ECD90B31AD266C50057AC67 /* BKNetService.h */ = {isa = PBXFileReference; fileEncoding = 4; lastKnownFileType = sourcecode.c.h; path = BKNetService.h; sourceTree = "<group>"; };
		2ECD90B41AD266C50057AC67 /* BKNetService.m */ = {isa = PBXFileReference; fileEncoding = 4; lastKnownFileType = sourcecode.c.objc; path = BKNetService.m; sourceTree = "<group>"; };
		2ECD90B61AD276460057AC67 /* BKNetSession.h */ = {isa = PBXFileReference; fileEncoding = 4; lastKnownFileType = sourcecode.c.h; path = BKNetSession.h; sourceTree = "<group>"; };
		2ECD90B71AD276460057AC67 /* BKNetSession.m */ = {isa = PBXFileReference; fileEncoding = 4; lastKnownFileType = sourcecode.c.objc; path = BKNetSession.m; sourceTree = "<group>"; };
		2ECD90B91AD279410057AC67 /* CoreFoundation.framework */ = {isa = PBXFileReference; lastKnownFileType = wrapper.framework; name = CoreFoundation.framework; path = System/Library/Frameworks/CoreFoundation.framework; sourceTree = SDKROOT; };
		2ECD90BC1AD27D9C0057AC67 /* BKNetService+Singleton.h */ = {isa = PBXFileReference; fileEncoding = 4; lastKnownFileType = sourcecode.c.h; path = "BKNetService+Singleton.h"; sourceTree = "<group>"; };
		2ECD90BD1AD27D9C0057AC67 /* BKNetService+Singleton.m */ = {isa = PBXFileReference; fileEncoding = 4; lastKnownFileType = sourcecode.c.objc; path = "BKNetService+Singleton.m"; sourceTree = "<group>"; };
		2EDC68E91AD794C30072B21F /* Leap.h */ = {isa = PBXFileReference; fileEncoding = 4; lastKnownFileType = sourcecode.c.h; path = Leap.h; sourceTree = "<group>"; };
		2EDC68EA1AD794C30072B21F /* LeapMath.h */ = {isa = PBXFileReference; fileEncoding = 4; lastKnownFileType = sourcecode.c.h; path = LeapMath.h; sourceTree = "<group>"; };
		2EDC68EB1AD794C30072B21F /* LeapObjectiveC.h */ = {isa = PBXFileReference; fileEncoding = 4; lastKnownFileType = sourcecode.c.h; path = LeapObjectiveC.h; sourceTree = "<group>"; };
		2EDC68EC1AD794C30072B21F /* LeapObjectiveC.mm */ = {isa = PBXFileReference; fileEncoding = 4; lastKnownFileType = sourcecode.cpp.objcpp; path = LeapObjectiveC.mm; sourceTree = "<group>"; };
		2EDC68ED1AD794C30072B21F /* libLeap.dylib */ = {isa = PBXFileReference; lastKnownFileType = "compiled.mach-o.dylib"; path = libLeap.dylib; sourceTree = "<group>"; };
		2EDC68F21AD7969B0072B21F /* BKEventManager.h */ = {isa = PBXFileReference; fileEncoding = 4; lastKnownFileType = sourcecode.c.h; path = BKEventManager.h; sourceTree = "<group>"; };
		2EDC68F31AD7969B0072B21F /* BKEventManager.m */ = {isa = PBXFileReference; fileEncoding = 4; lastKnownFileType = sourcecode.c.objc; path = BKEventManager.m; sourceTree = "<group>"; };
		4A8801F31AF79BF10072AC3A /* MusicPlayer.app */ = {isa = PBXFileReference; explicitFileType = wrapper.application; includeInIndex = 0; path = MusicPlayer.app; sourceTree = BUILT_PRODUCTS_DIR; };
		4A8801F61AF79BF10072AC3A /* Info.plist */ = {isa = PBXFileReference; lastKnownFileType = text.plist.xml; path = Info.plist; sourceTree = "<group>"; };
		4A8801F71AF79BF10072AC3A /* main.m */ = {isa = PBXFileReference; lastKnownFileType = sourcecode.c.objc; path = main.m; sourceTree = "<group>"; };
		4A8801F91AF79BF10072AC3A /* AppDelegate.h */ = {isa = PBXFileReference; lastKnownFileType = sourcecode.c.h; path = AppDelegate.h; sourceTree = "<group>"; };
		4A8801FA1AF79BF10072AC3A /* AppDelegate.m */ = {isa = PBXFileReference; lastKnownFileType = sourcecode.c.objc; path = AppDelegate.m; sourceTree = "<group>"; };
		4A8802021AF79BF10072AC3A /* Images.xcassets */ = {isa = PBXFileReference; lastKnownFileType = folder.assetcatalog; path = Images.xcassets; sourceTree = "<group>"; };
		4A8802051AF79BF10072AC3A /* Base */ = {isa = PBXFileReference; lastKnownFileType = file.xib; name = Base; path = Base.lproj/LaunchScreen.xib; sourceTree = "<group>"; };
		4A88020B1AF79BF20072AC3A /* MusicPlayerTests.xctest */ = {isa = PBXFileReference; explicitFileType = wrapper.cfbundle; includeInIndex = 0; path = MusicPlayerTests.xctest; sourceTree = BUILT_PRODUCTS_DIR; };
		4A8802101AF79BF20072AC3A /* Info.plist */ = {isa = PBXFileReference; lastKnownFileType = text.plist.xml; path = Info.plist; sourceTree = "<group>"; };
		4A8802111AF79BF20072AC3A /* MusicPlayerTests.m */ = {isa = PBXFileReference; lastKnownFileType = sourcecode.c.objc; path = MusicPlayerTests.m; sourceTree = "<group>"; };
		4AEB2DCA1AF7A0AE0073BC14 /* BKPlayListViewController.h */ = {isa = PBXFileReference; fileEncoding = 4; lastKnownFileType = sourcecode.c.h; path = BKPlayListViewController.h; sourceTree = "<group>"; };
		4AEB2DCB1AF7A0AE0073BC14 /* BKPlayListViewController.m */ = {isa = PBXFileReference; fileEncoding = 4; lastKnownFileType = sourcecode.c.objc; path = BKPlayListViewController.m; sourceTree = "<group>"; };
		4AF62E701AF9D78100BA378B /* BKClaspEvent.h */ = {isa = PBXFileReference; fileEncoding = 4; lastKnownFileType = sourcecode.c.h; path = BKClaspEvent.h; sourceTree = "<group>"; };
		4AF62E711AF9D78100BA378B /* BKClaspEvent.m */ = {isa = PBXFileReference; fileEncoding = 4; lastKnownFileType = sourcecode.c.objc; path = BKClaspEvent.m; sourceTree = "<group>"; };
		4AF62E721AF9D78100BA378B /* BKCountEvent.h */ = {isa = PBXFileReference; fileEncoding = 4; lastKnownFileType = sourcecode.c.h; path = BKCountEvent.h; sourceTree = "<group>"; };
		4AF62E731AF9D78100BA378B /* BKCountEvent.m */ = {isa = PBXFileReference; fileEncoding = 4; lastKnownFileType = sourcecode.c.objc; path = BKCountEvent.m; sourceTree = "<group>"; };
		4AF62E741AF9D78100BA378B /* BKEnterBoxEvent.h */ = {isa = PBXFileReference; fileEncoding = 4; lastKnownFileType = sourcecode.c.h; path = BKEnterBoxEvent.h; sourceTree = "<group>"; };
		4AF62E751AF9D78100BA378B /* BKEnterBoxEvent.m */ = {isa = PBXFileReference; fileEncoding = 4; lastKnownFileType = sourcecode.c.objc; path = BKEnterBoxEvent.m; sourceTree = "<group>"; };
		4AF62E781AF9D78100BA378B /* BKEvent.h */ = {isa = PBXFileReference; fileEncoding = 4; lastKnownFileType = sourcecode.c.h; path = BKEvent.h; sourceTree = "<group>"; };
		4AF62E791AF9D78100BA378B /* BKEvent.m */ = {isa = PBXFileReference; fileEncoding = 4; lastKnownFileType = sourcecode.c.objc; path = BKEvent.m; sourceTree = "<group>"; };
		4AF62E7A1AF9D78100BA378B /* BKEvents.h */ = {isa = PBXFileReference; fileEncoding = 4; lastKnownFileType = sourcecode.c.h; path = BKEvents.h; sourceTree = "<group>"; };
		4AF62E7B1AF9D78100BA378B /* BKLeaveBoxEvent.h */ = {isa = PBXFileReference; fileEncoding = 4; lastKnownFileType = sourcecode.c.h; path = BKLeaveBoxEvent.h; sourceTree = "<group>"; };
		4AF62E7C1AF9D78100BA378B /* BKLeaveBoxEvent.m */ = {isa = PBXFileReference; fileEncoding = 4; lastKnownFileType = sourcecode.c.objc; path = BKLeaveBoxEvent.m; sourceTree = "<group>"; };
		4AF62E7D1AF9D78100BA378B /* BKOfflineEvent.h */ = {isa = PBXFileReference; fileEncoding = 4; lastKnownFileType = sourcecode.c.h; path = BKOfflineEvent.h; sourceTree = "<group>"; };
		4AF62E7E1AF9D78100BA378B /* BKOfflineEvent.m */ = {isa = PBXFileReference; fileEncoding = 4; lastKnownFileType = sourcecode.c.objc; path = BKOfflineEvent.m; sourceTree = "<group>"; };
		4AF62E7F1AF9D78100BA378B /* BKOnlineEvent.h */ = {isa = PBXFileReference; fileEncoding = 4; lastKnownFileType = sourcecode.c.h; path = BKOnlineEvent.h; sourceTree = "<group>"; };
		4AF62E801AF9D78100BA378B /* BKOnlineEvent.m */ = {isa = PBXFileReference; fileEncoding = 4; lastKnownFileType = sourcecode.c.objc; path = BKOnlineEvent.m; sourceTree = "<group>"; };
		4AF62E811AF9D78100BA378B /* BKStandbyEvent.h */ = {isa = PBXFileReference; fileEncoding = 4; lastKnownFileType = sourcecode.c.h; path = BKStandbyEvent.h; sourceTree = "<group>"; };
		4AF62E821AF9D78100BA378B /* BKStandbyEvent.m */ = {isa = PBXFileReference; fileEncoding = 4; lastKnownFileType = sourcecode.c.objc; path = BKStandbyEvent.m; sourceTree = "<group>"; };
		4AF62E831AF9D78100BA378B /* BKSwipeEvent.h */ = {isa = PBXFileReference; fileEncoding = 4; lastKnownFileType = sourcecode.c.h; path = BKSwipeEvent.h; sourceTree = "<group>"; };
		4AF62E841AF9D78100BA378B /* BKSwipeEvent.m */ = {isa = PBXFileReference; fileEncoding = 4; lastKnownFileType = sourcecode.c.objc; path = BKSwipeEvent.m; sourceTree = "<group>"; };
		4AF62E851AF9D78100BA378B /* BKUpDownEvent.h */ = {isa = PBXFileReference; fileEncoding = 4; lastKnownFileType = sourcecode.c.h; path = BKUpDownEvent.h; sourceTree = "<group>"; };
		4AF62E861AF9D78100BA378B /* BKUpDownEvent.m */ = {isa = PBXFileReference; fileEncoding = 4; lastKnownFileType = sourcecode.c.objc; path = BKUpDownEvent.m; sourceTree = "<group>"; };
		4AF62E9D1AF9D7BF00BA378B /* BKTypes.h */ = {isa = PBXFileReference; fileEncoding = 4; lastKnownFileType = sourcecode.c.h; path = BKTypes.h; sourceTree = "<group>"; };
		4AF62E9F1AF9D94D00BA378B /* BKFrame.h */ = {isa = PBXFileReference; fileEncoding = 4; lastKnownFileType = sourcecode.c.h; path = BKFrame.h; sourceTree = "<group>"; };
		4AF62EA01AF9D94D00BA378B /* BKFrame.m */ = {isa = PBXFileReference; fileEncoding = 4; lastKnownFileType = sourcecode.c.objc; path = BKFrame.m; sourceTree = "<group>"; };
		4AF62EA11AF9D94D00BA378B /* BKVector.h */ = {isa = PBXFileReference; fileEncoding = 4; lastKnownFileType = sourcecode.c.h; path = BKVector.h; sourceTree = "<group>"; };
		4AF62EA21AF9D94D00BA378B /* BKVector.m */ = {isa = PBXFileReference; fileEncoding = 4; lastKnownFileType = sourcecode.c.objc; path = BKVector.m; sourceTree = "<group>"; };
		4AF62EA81AF9DD6000BA378B /* BKPacket.h */ = {isa = PBXFileReference; fileEncoding = 4; lastKnownFileType = sourcecode.c.h; path = BKPacket.h; sourceTree = "<group>"; };
		4AF62EA91AF9DD6000BA378B /* BKPacket.m */ = {isa = PBXFileReference; fileEncoding = 4; lastKnownFileType = sourcecode.c.objc; path = BKPacket.m; sourceTree = "<group>"; };
		4AF62EAD1AF9DDD300BA378B /* BKMotionController.h */ = {isa = PBXFileReference; fileEncoding = 4; lastKnownFileType = sourcecode.c.h; path = BKMotionController.h; sourceTree = "<group>"; };
		4AF62EAE1AF9DDD300BA378B /* BKMotionController.m */ = {isa = PBXFileReference; fileEncoding = 4; lastKnownFileType = sourcecode.c.objc; path = BKMotionController.m; sourceTree = "<group>"; };
		4AF62EAF1AF9DDD300BA378B /* BKMotionController+ServiceBrowser.h */ = {isa = PBXFileReference; fileEncoding = 4; lastKnownFileType = sourcecode.c.h; path = "BKMotionController+ServiceBrowser.h"; sourceTree = "<group>"; };
		4AF62EB01AF9DDD300BA378B /* BKMotionController+ServiceBrowser.m */ = {isa = PBXFileReference; fileEncoding = 4; lastKnownFileType = sourcecode.c.objc; path = "BKMotionController+ServiceBrowser.m"; sourceTree = "<group>"; };
		4AF62EB51AF9DE5100BA378B /* BKStream.h */ = {isa = PBXFileReference; fileEncoding = 4; lastKnownFileType = sourcecode.c.h; path = BKStream.h; sourceTree = "<group>"; };
		4AF62EB61AF9DE5100BA378B /* BKStream.m */ = {isa = PBXFileReference; fileEncoding = 4; lastKnownFileType = sourcecode.c.objc; path = BKStream.m; sourceTree = "<group>"; };
		4AF62EB91AFA0EFB00BA378B /* BKFrameBuffer.h */ = {isa = PBXFileReference; fileEncoding = 4; lastKnownFileType = sourcecode.c.h; name = BKFrameBuffer.h; path = Common/BKFrameBuffer.h; sourceTree = "<group>"; };
		4AF62EBA1AFA0EFB00BA378B /* BKFrameBuffer.m */ = {isa = PBXFileReference; fileEncoding = 4; lastKnownFileType = sourcecode.c.objc; name = BKFrameBuffer.m; path = Common/BKFrameBuffer.m; sourceTree = "<group>"; };
		4AF62EBD1AFA0F0900BA378B /* BKFrameBuffer+Detector.h */ = {isa = PBXFileReference; fileEncoding = 4; lastKnownFileType = sourcecode.c.h; name = "BKFrameBuffer+Detector.h"; path = "Common/BKFrameBuffer+Detector.h"; sourceTree = "<group>"; };
		4AF62EBE1AFA0F0900BA378B /* BKFrameBuffer+Detector.m */ = {isa = PBXFileReference; fileEncoding = 4; lastKnownFileType = sourcecode.c.objc; name = "BKFrameBuffer+Detector.m"; path = "Common/BKFrameBuffer+Detector.m"; sourceTree = "<group>"; };
		4AF62EC11AFA0F1A00BA378B /* BKEventState.h */ = {isa = PBXFileReference; fileEncoding = 4; lastKnownFileType = sourcecode.c.h; name = BKEventState.h; path = Common/BKEventState.h; sourceTree = "<group>"; };
		4AF62EC21AFA0F1A00BA378B /* BKEventState.m */ = {isa = PBXFileReference; fileEncoding = 4; lastKnownFileType = sourcecode.c.objc; name = BKEventState.m; path = Common/BKEventState.m; sourceTree = "<group>"; };
		4AF62EC51AFA0F2900BA378B /* BKPrepareBox.h */ = {isa = PBXFileReference; fileEncoding = 4; lastKnownFileType = sourcecode.c.h; name = BKPrepareBox.h; path = Common/BKPrepareBox.h; sourceTree = "<group>"; };
		4AF62EC61AFA0F2900BA378B /* BKPrepareBox.m */ = {isa = PBXFileReference; fileEncoding = 4; lastKnownFileType = sourcecode.c.objc; name = BKPrepareBox.m; path = Common/BKPrepareBox.m; sourceTree = "<group>"; };
		4AF62EC91AFA107300BA378B /* BKEventDetector.h */ = {isa = PBXFileReference; fileEncoding = 4; lastKnownFileType = sourcecode.c.h; name = BKEventDetector.h; path = Common/BKEventDetector.h; sourceTree = "<group>"; };
		4AF62ECA1AFA107300BA378B /* BKEventDetector.m */ = {isa = PBXFileReference; fileEncoding = 4; lastKnownFileType = sourcecode.c.objc; name = BKEventDetector.m; path = Common/BKEventDetector.m; sourceTree = "<group>"; };
/* End PBXFileReference section */

/* Begin PBXFrameworksBuildPhase section */
		2ECD908D1AD266290057AC67 /* Frameworks */ = {
			isa = PBXFrameworksBuildPhase;
			buildActionMask = 2147483647;
			files = (
				2EDC68EF1AD794C30072B21F /* libLeap.dylib in Frameworks */,
				2ECD90BA1AD279410057AC67 /* CoreFoundation.framework in Frameworks */,
			);
			runOnlyForDeploymentPostprocessing = 0;
		};
		2ECD90A01AD2662A0057AC67 /* Frameworks */ = {
			isa = PBXFrameworksBuildPhase;
			buildActionMask = 2147483647;
			files = (
			);
			runOnlyForDeploymentPostprocessing = 0;
		};
		4A8801F01AF79BF10072AC3A /* Frameworks */ = {
			isa = PBXFrameworksBuildPhase;
			buildActionMask = 2147483647;
			files = (
			);
			runOnlyForDeploymentPostprocessing = 0;
		};
		4A8802081AF79BF20072AC3A /* Frameworks */ = {
			isa = PBXFrameworksBuildPhase;
			buildActionMask = 2147483647;
			files = (
			);
			runOnlyForDeploymentPostprocessing = 0;
		};
/* End PBXFrameworksBuildPhase section */

/* Begin PBXGroup section */
		2E9F71301ADC9EDA00133483 /* Model */ = {
			isa = PBXGroup;
			children = (
				2EDC68F21AD7969B0072B21F /* BKEventManager.h */,
				2EDC68F31AD7969B0072B21F /* BKEventManager.m */,
			);
			name = Model;
			sourceTree = "<group>";
		};
		2E9F71311ADCADFD00133483 /* LEAP */ = {
			isa = PBXGroup;
			children = (
				2E9F715C1ADCE40100133483 /* BKLeapController.h */,
				2E9F715D1ADCE40100133483 /* BKLeapController.m */,
			);
			name = LEAP;
			sourceTree = "<group>";
		};
		2E9F71321ADCAE0D00133483 /* Service */ = {
			isa = PBXGroup;
			children = (
				2ECD90B31AD266C50057AC67 /* BKNetService.h */,
				2ECD90B41AD266C50057AC67 /* BKNetService.m */,
				2ECD90BC1AD27D9C0057AC67 /* BKNetService+Singleton.h */,
				2ECD90BD1AD27D9C0057AC67 /* BKNetService+Singleton.m */,
				2ECD90B61AD276460057AC67 /* BKNetSession.h */,
				2ECD90B71AD276460057AC67 /* BKNetSession.m */,
			);
			name = Service;
			sourceTree = "<group>";
		};
		2E9F715F1ADCE54600133483 /* Additions */ = {
			isa = PBXGroup;
			children = (
				2E9F71601ADD04CA00133483 /* BKFrame+LeapAddtions.h */,
				2E9F71611ADD04CA00133483 /* BKFrame+LeapAddtions.m */,
				2E9F71631ADD0C9C00133483 /* BKVector+LeapAdditions.h */,
				2E9F71641ADD0C9C00133483 /* BKVector+LeapAdditions.m */,
			);
			name = Additions;
			sourceTree = "<group>";
		};
		2ECD90871AD266290057AC67 = {
			isa = PBXGroup;
			children = (
				4AF62E6E1AF9BCC600BA378B /* Common */,
				4AF62EB91AFA0EFB00BA378B /* BKFrameBuffer.h */,
				4AF62EBA1AFA0EFB00BA378B /* BKFrameBuffer.m */,
				4AF62EBD1AFA0F0900BA378B /* BKFrameBuffer+Detector.h */,
				4AF62EBE1AFA0F0900BA378B /* BKFrameBuffer+Detector.m */,
				4AF62EC11AFA0F1A00BA378B /* BKEventState.h */,
				4AF62EC21AFA0F1A00BA378B /* BKEventState.m */,
				4AF62EC51AFA0F2900BA378B /* BKPrepareBox.h */,
				4AF62EC61AFA0F2900BA378B /* BKPrepareBox.m */,
				4AF62EC91AFA107300BA378B /* BKEventDetector.h */,
				4AF62ECA1AFA107300BA378B /* BKEventDetector.m */,
				2ECD90921AD266290057AC67 /* NetServer */,
				4A8801F41AF79BF10072AC3A /* MusicPlayer */,
				2EDC68E81AD794C30072B21F /* ExternalLib */,
				2ECD90BB1AD2794C0057AC67 /* Frameworks */,
				2ECD90A61AD2662A0057AC67 /* NetServerTests */,
				4A88020E1AF79BF20072AC3A /* MusicPlayerTests */,
				2ECD90911AD266290057AC67 /* Products */,
			);
			sourceTree = "<group>";
		};
		2ECD90911AD266290057AC67 /* Products */ = {
			isa = PBXGroup;
			children = (
				2ECD90901AD266290057AC67 /* NetServer.app */,
				2ECD90A31AD2662A0057AC67 /* NetServerTests.xctest */,
				4A8801F31AF79BF10072AC3A /* MusicPlayer.app */,
				4A88020B1AF79BF20072AC3A /* MusicPlayerTests.xctest */,
			);
			name = Products;
			sourceTree = "<group>";
		};
		2ECD90921AD266290057AC67 /* NetServer */ = {
			isa = PBXGroup;
			children = (
				2E9F71311ADCADFD00133483 /* LEAP */,
				2E9F715F1ADCE54600133483 /* Additions */,
				2E9F71321ADCAE0D00133483 /* Service */,
				2E9F71301ADC9EDA00133483 /* Model */,
				2ECD90951AD266290057AC67 /* AppDelegate.h */,
				2ECD90961AD266290057AC67 /* AppDelegate.m */,
				2ECD909A1AD2662A0057AC67 /* Images.xcassets */,
				2ECD909C1AD2662A0057AC67 /* MainMenu.xib */,
				2ECD90931AD266290057AC67 /* Supporting Files */,
			);
			path = NetServer;
			sourceTree = "<group>";
		};
		2ECD90931AD266290057AC67 /* Supporting Files */ = {
			isa = PBXGroup;
			children = (
				2ECD90941AD266290057AC67 /* Info.plist */,
				2ECD90981AD266290057AC67 /* main.m */,
			);
			name = "Supporting Files";
			sourceTree = "<group>";
		};
		2ECD90A61AD2662A0057AC67 /* NetServerTests */ = {
			isa = PBXGroup;
			children = (
				2ECD90A91AD2662A0057AC67 /* NetServerTests.m */,
				2ECD90A71AD2662A0057AC67 /* Supporting Files */,
			);
			path = NetServerTests;
			sourceTree = "<group>";
		};
		2ECD90A71AD2662A0057AC67 /* Supporting Files */ = {
			isa = PBXGroup;
			children = (
				2ECD90A81AD2662A0057AC67 /* Info.plist */,
			);
			name = "Supporting Files";
			sourceTree = "<group>";
		};
		2ECD90BB1AD2794C0057AC67 /* Frameworks */ = {
			isa = PBXGroup;
			children = (
				2ECD90B91AD279410057AC67 /* CoreFoundation.framework */,
			);
			name = Frameworks;
			sourceTree = "<group>";
		};
		2EDC68E81AD794C30072B21F /* ExternalLib */ = {
			isa = PBXGroup;
			children = (
				2EDC68E91AD794C30072B21F /* Leap.h */,
				2EDC68EA1AD794C30072B21F /* LeapMath.h */,
				2EDC68EB1AD794C30072B21F /* LeapObjectiveC.h */,
				2EDC68EC1AD794C30072B21F /* LeapObjectiveC.mm */,
				2EDC68ED1AD794C30072B21F /* libLeap.dylib */,
			);
			path = ExternalLib;
			sourceTree = "<group>";
		};
		4A8801F41AF79BF10072AC3A /* MusicPlayer */ = {
			isa = PBXGroup;
			children = (
				4AF62EAC1AF9DDC500BA378B /* MotionController */,
				4A8801F91AF79BF10072AC3A /* AppDelegate.h */,
				4A8801FA1AF79BF10072AC3A /* AppDelegate.m */,
				4AEB2DCA1AF7A0AE0073BC14 /* BKPlayListViewController.h */,
				4AEB2DCB1AF7A0AE0073BC14 /* BKPlayListViewController.m */,
				4A8802021AF79BF10072AC3A /* Images.xcassets */,
				4A8802041AF79BF10072AC3A /* LaunchScreen.xib */,
				4A8801F51AF79BF10072AC3A /* Supporting Files */,
			);
			path = MusicPlayer;
			sourceTree = "<group>";
		};
		4A8801F51AF79BF10072AC3A /* Supporting Files */ = {
			isa = PBXGroup;
			children = (
				4A8801F61AF79BF10072AC3A /* Info.plist */,
				4A8801F71AF79BF10072AC3A /* main.m */,
			);
			name = "Supporting Files";
			sourceTree = "<group>";
		};
		4A88020E1AF79BF20072AC3A /* MusicPlayerTests */ = {
			isa = PBXGroup;
			children = (
				4A8802111AF79BF20072AC3A /* MusicPlayerTests.m */,
				4A88020F1AF79BF20072AC3A /* Supporting Files */,
			);
			path = MusicPlayerTests;
			sourceTree = "<group>";
		};
		4A88020F1AF79BF20072AC3A /* Supporting Files */ = {
			isa = PBXGroup;
			children = (
				4A8802101AF79BF20072AC3A /* Info.plist */,
			);
			name = "Supporting Files";
			sourceTree = "<group>";
		};
		4AF62E6E1AF9BCC600BA378B /* Common */ = {
			isa = PBXGroup;
			children = (
				4AF62EA71AF9DD4600BA378B /* Network */,
				4AF62E9E1AF9D93000BA378B /* BaseObjects */,
				4AF62E9D1AF9D7BF00BA378B /* BKTypes.h */,
				4AF62E6F1AF9D77200BA378B /* Event */,
			);
			path = Common;
			sourceTree = "<group>";
		};
		4AF62E6F1AF9D77200BA378B /* Event */ = {
			isa = PBXGroup;
			children = (
				4AF62E781AF9D78100BA378B /* BKEvent.h */,
				4AF62E791AF9D78100BA378B /* BKEvent.m */,
				4AF62E701AF9D78100BA378B /* BKClaspEvent.h */,
				4AF62E711AF9D78100BA378B /* BKClaspEvent.m */,
				4AF62E721AF9D78100BA378B /* BKCountEvent.h */,
				4AF62E731AF9D78100BA378B /* BKCountEvent.m */,
				4AF62E741AF9D78100BA378B /* BKEnterBoxEvent.h */,
				4AF62E751AF9D78100BA378B /* BKEnterBoxEvent.m */,
				4AF62E7A1AF9D78100BA378B /* BKEvents.h */,
				4AF62E7B1AF9D78100BA378B /* BKLeaveBoxEvent.h */,
				4AF62E7C1AF9D78100BA378B /* BKLeaveBoxEvent.m */,
				4AF62E7D1AF9D78100BA378B /* BKOfflineEvent.h */,
				4AF62E7E1AF9D78100BA378B /* BKOfflineEvent.m */,
				4AF62E7F1AF9D78100BA378B /* BKOnlineEvent.h */,
				4AF62E801AF9D78100BA378B /* BKOnlineEvent.m */,
				4AF62E811AF9D78100BA378B /* BKStandbyEvent.h */,
				4AF62E821AF9D78100BA378B /* BKStandbyEvent.m */,
				4AF62E831AF9D78100BA378B /* BKSwipeEvent.h */,
				4AF62E841AF9D78100BA378B /* BKSwipeEvent.m */,
				4AF62E851AF9D78100BA378B /* BKUpDownEvent.h */,
				4AF62E861AF9D78100BA378B /* BKUpDownEvent.m */,
			);
			name = Event;
			sourceTree = "<group>";
		};
		4AF62E9E1AF9D93000BA378B /* BaseObjects */ = {
			isa = PBXGroup;
			children = (
				4AF62EA11AF9D94D00BA378B /* BKVector.h */,
				4AF62EA21AF9D94D00BA378B /* BKVector.m */,
				4AF62E9F1AF9D94D00BA378B /* BKFrame.h */,
				4AF62EA01AF9D94D00BA378B /* BKFrame.m */,
			);
			name = BaseObjects;
			sourceTree = "<group>";
		};
		4AF62EA71AF9DD4600BA378B /* Network */ = {
			isa = PBXGroup;
			children = (
				4AF62EA81AF9DD6000BA378B /* BKPacket.h */,
				4AF62EA91AF9DD6000BA378B /* BKPacket.m */,
				4AF62EB51AF9DE5100BA378B /* BKStream.h */,
				4AF62EB61AF9DE5100BA378B /* BKStream.m */,
			);
			name = Network;
			sourceTree = "<group>";
		};
		4AF62EAC1AF9DDC500BA378B /* MotionController */ = {
			isa = PBXGroup;
			children = (
				4AF62EAD1AF9DDD300BA378B /* BKMotionController.h */,
				4AF62EAE1AF9DDD300BA378B /* BKMotionController.m */,
				4AF62EAF1AF9DDD300BA378B /* BKMotionController+ServiceBrowser.h */,
				4AF62EB01AF9DDD300BA378B /* BKMotionController+ServiceBrowser.m */,
			);
			name = MotionController;
			sourceTree = "<group>";
		};
/* End PBXGroup section */

/* Begin PBXNativeTarget section */
		2ECD908F1AD266290057AC67 /* NetServer */ = {
			isa = PBXNativeTarget;
			buildConfigurationList = 2ECD90AD1AD2662A0057AC67 /* Build configuration list for PBXNativeTarget "NetServer" */;
			buildPhases = (
				2ECD908C1AD266290057AC67 /* Sources */,
				2ECD908D1AD266290057AC67 /* Frameworks */,
				2ECD908E1AD266290057AC67 /* Resources */,
				2EDC68F01AD794F90072B21F /* CopyFiles */,
			);
			buildRules = (
			);
			dependencies = (
			);
			name = NetServer;
			productName = NetServer;
			productReference = 2ECD90901AD266290057AC67 /* NetServer.app */;
			productType = "com.apple.product-type.application";
		};
		2ECD90A21AD2662A0057AC67 /* NetServerTests */ = {
			isa = PBXNativeTarget;
			buildConfigurationList = 2ECD90B01AD2662A0057AC67 /* Build configuration list for PBXNativeTarget "NetServerTests" */;
			buildPhases = (
				2ECD909F1AD2662A0057AC67 /* Sources */,
				2ECD90A01AD2662A0057AC67 /* Frameworks */,
				2ECD90A11AD2662A0057AC67 /* Resources */,
			);
			buildRules = (
			);
			dependencies = (
				2ECD90A51AD2662A0057AC67 /* PBXTargetDependency */,
			);
			name = NetServerTests;
			productName = NetServerTests;
			productReference = 2ECD90A31AD2662A0057AC67 /* NetServerTests.xctest */;
			productType = "com.apple.product-type.bundle.unit-test";
		};
		4A8801F21AF79BF10072AC3A /* MusicPlayer */ = {
			isa = PBXNativeTarget;
			buildConfigurationList = 4A8802131AF79BF20072AC3A /* Build configuration list for PBXNativeTarget "MusicPlayer" */;
			buildPhases = (
				4A8801EF1AF79BF10072AC3A /* Sources */,
				4A8801F01AF79BF10072AC3A /* Frameworks */,
				4A8801F11AF79BF10072AC3A /* Resources */,
			);
			buildRules = (
			);
			dependencies = (
			);
			name = MusicPlayer;
			productName = MusicPlayer;
			productReference = 4A8801F31AF79BF10072AC3A /* MusicPlayer.app */;
			productType = "com.apple.product-type.application";
		};
		4A88020A1AF79BF20072AC3A /* MusicPlayerTests */ = {
			isa = PBXNativeTarget;
			buildConfigurationList = 4A8802161AF79BF20072AC3A /* Build configuration list for PBXNativeTarget "MusicPlayerTests" */;
			buildPhases = (
				4A8802071AF79BF20072AC3A /* Sources */,
				4A8802081AF79BF20072AC3A /* Frameworks */,
				4A8802091AF79BF20072AC3A /* Resources */,
			);
			buildRules = (
			);
			dependencies = (
				4A88020D1AF79BF20072AC3A /* PBXTargetDependency */,
			);
			name = MusicPlayerTests;
			productName = MusicPlayerTests;
			productReference = 4A88020B1AF79BF20072AC3A /* MusicPlayerTests.xctest */;
			productType = "com.apple.product-type.bundle.unit-test";
		};
/* End PBXNativeTarget section */

/* Begin PBXProject section */
		2ECD90881AD266290057AC67 /* Project object */ = {
			isa = PBXProject;
			attributes = {
				LastUpgradeCheck = 0620;
				ORGANIZATIONNAME = bearkode;
				TargetAttributes = {
					2ECD908F1AD266290057AC67 = {
						CreatedOnToolsVersion = 6.2;
					};
					2ECD90A21AD2662A0057AC67 = {
						CreatedOnToolsVersion = 6.2;
						TestTargetID = 2ECD908F1AD266290057AC67;
					};
					4A8801F21AF79BF10072AC3A = {
						CreatedOnToolsVersion = 6.3.1;
						DevelopmentTeam = TYXC7GAYHX;
					};
					4A88020A1AF79BF20072AC3A = {
						CreatedOnToolsVersion = 6.3.1;
						TestTargetID = 4A8801F21AF79BF10072AC3A;
					};
				};
			};
			buildConfigurationList = 2ECD908B1AD266290057AC67 /* Build configuration list for PBXProject "NetServer" */;
			compatibilityVersion = "Xcode 3.2";
			developmentRegion = English;
			hasScannedForEncodings = 0;
			knownRegions = (
				en,
				Base,
			);
			mainGroup = 2ECD90871AD266290057AC67;
			productRefGroup = 2ECD90911AD266290057AC67 /* Products */;
			projectDirPath = "";
			projectRoot = "";
			targets = (
				2ECD908F1AD266290057AC67 /* NetServer */,
				2ECD90A21AD2662A0057AC67 /* NetServerTests */,
				4A8801F21AF79BF10072AC3A /* MusicPlayer */,
				4A88020A1AF79BF20072AC3A /* MusicPlayerTests */,
			);
		};
/* End PBXProject section */

/* Begin PBXResourcesBuildPhase section */
		2ECD908E1AD266290057AC67 /* Resources */ = {
			isa = PBXResourcesBuildPhase;
			buildActionMask = 2147483647;
			files = (
				2ECD909B1AD2662A0057AC67 /* Images.xcassets in Resources */,
				2ECD909E1AD2662A0057AC67 /* MainMenu.xib in Resources */,
			);
			runOnlyForDeploymentPostprocessing = 0;
		};
		2ECD90A11AD2662A0057AC67 /* Resources */ = {
			isa = PBXResourcesBuildPhase;
			buildActionMask = 2147483647;
			files = (
			);
			runOnlyForDeploymentPostprocessing = 0;
		};
		4A8801F11AF79BF10072AC3A /* Resources */ = {
			isa = PBXResourcesBuildPhase;
			buildActionMask = 2147483647;
			files = (
				4A8802061AF79BF10072AC3A /* LaunchScreen.xib in Resources */,
				4A8802031AF79BF10072AC3A /* Images.xcassets in Resources */,
			);
			runOnlyForDeploymentPostprocessing = 0;
		};
		4A8802091AF79BF20072AC3A /* Resources */ = {
			isa = PBXResourcesBuildPhase;
			buildActionMask = 2147483647;
			files = (
			);
			runOnlyForDeploymentPostprocessing = 0;
		};
/* End PBXResourcesBuildPhase section */

/* Begin PBXSourcesBuildPhase section */
		2ECD908C1AD266290057AC67 /* Sources */ = {
			isa = PBXSourcesBuildPhase;
			buildActionMask = 2147483647;
			files = (
				4AF62E951AF9D78100BA378B /* BKOnlineEvent.m in Sources */,
				2E9F71621ADD04CA00133483 /* BKFrame+LeapAddtions.m in Sources */,
				4AF62EB11AF9DDD300BA378B /* BKMotionController.m in Sources */,
				4AF62EC71AFA0F2900BA378B /* BKPrepareBox.m in Sources */,
				4AF62EAA1AF9DD6000BA378B /* BKPacket.m in Sources */,
				4AF62E871AF9D78100BA378B /* BKClaspEvent.m in Sources */,
				2ECD90991AD266290057AC67 /* main.m in Sources */,
				2EDC68EE1AD794C30072B21F /* LeapObjectiveC.mm in Sources */,
				4AF62E891AF9D78100BA378B /* BKCountEvent.m in Sources */,
				4AF62E931AF9D78100BA378B /* BKOfflineEvent.m in Sources */,
				4AF62E8B1AF9D78100BA378B /* BKEnterBoxEvent.m in Sources */,
				4AF62E9B1AF9D78100BA378B /* BKUpDownEvent.m in Sources */,
				4AF62EA51AF9D94D00BA378B /* BKVector.m in Sources */,
				2E9F71651ADD0C9C00133483 /* BKVector+LeapAdditions.m in Sources */,
				2E9F715E1ADCE40100133483 /* BKLeapController.m in Sources */,
				4AF62EA31AF9D94D00BA378B /* BKFrame.m in Sources */,
				4AF62E911AF9D78100BA378B /* BKLeaveBoxEvent.m in Sources */,
				2EDC68F41AD7969B0072B21F /* BKEventManager.m in Sources */,
				4AF62E991AF9D78100BA378B /* BKSwipeEvent.m in Sources */,
				2ECD90B81AD276460057AC67 /* BKNetSession.m in Sources */,
				2ECD90971AD266290057AC67 /* AppDelegate.m in Sources */,
				4AF62ECB1AFA107300BA378B /* BKEventDetector.m in Sources */,
				4AF62E971AF9D78100BA378B /* BKStandbyEvent.m in Sources */,
				4AF62EBF1AFA0F0900BA378B /* BKFrameBuffer+Detector.m in Sources */,
				2ECD90B51AD266C50057AC67 /* BKNetService.m in Sources */,
				2ECD90BE1AD27D9C0057AC67 /* BKNetService+Singleton.m in Sources */,
				4AF62EC31AFA0F1A00BA378B /* BKEventState.m in Sources */,
				4AF62EBB1AFA0EFB00BA378B /* BKFrameBuffer.m in Sources */,
				4AF62EB31AF9DDD300BA378B /* BKMotionController+ServiceBrowser.m in Sources */,
				4AF62EB71AF9DE5100BA378B /* BKStream.m in Sources */,
				4AF62E8F1AF9D78100BA378B /* BKEvent.m in Sources */,
			);
			runOnlyForDeploymentPostprocessing = 0;
		};
		2ECD909F1AD2662A0057AC67 /* Sources */ = {
			isa = PBXSourcesBuildPhase;
			buildActionMask = 2147483647;
			files = (
				2ECD90AA1AD2662A0057AC67 /* NetServerTests.m in Sources */,
			);
			runOnlyForDeploymentPostprocessing = 0;
		};
		4A8801EF1AF79BF10072AC3A /* Sources */ = {
			isa = PBXSourcesBuildPhase;
			buildActionMask = 2147483647;
			files = (
				4A8801FB1AF79BF10072AC3A /* AppDelegate.m in Sources */,
				4AEB2DCC1AF7A0AE0073BC14 /* BKPlayListViewController.m in Sources */,
				4AF62E9A1AF9D78100BA378B /* BKSwipeEvent.m in Sources */,
				4AF62E961AF9D78100BA378B /* BKOnlineEvent.m in Sources */,
				4AF62EBC1AFA0EFB00BA378B /* BKFrameBuffer.m in Sources */,
				4AF62EC81AFA0F2900BA378B /* BKPrepareBox.m in Sources */,
				4AF62E901AF9D78100BA378B /* BKEvent.m in Sources */,
				4AF62EB21AF9DDD300BA378B /* BKMotionController.m in Sources */,
				4AF62E8C1AF9D78100BA378B /* BKEnterBoxEvent.m in Sources */,
				4AF62EB41AF9DDD300BA378B /* BKMotionController+ServiceBrowser.m in Sources */,
				4AF62EA41AF9D94D00BA378B /* BKFrame.m in Sources */,
				4AF62E941AF9D78100BA378B /* BKOfflineEvent.m in Sources */,
				4AF62EC01AFA0F0900BA378B /* BKFrameBuffer+Detector.m in Sources */,
				4A8801F81AF79BF10072AC3A /* main.m in Sources */,
				4AF62EA61AF9D94D00BA378B /* BKVector.m in Sources */,
				4AF62EAB1AF9DD6000BA378B /* BKPacket.m in Sources */,
				4AF62E921AF9D78100BA378B /* BKLeaveBoxEvent.m in Sources */,
				4AF62EB81AF9DE5100BA378B /* BKStream.m in Sources */,
				4AF62E9C1AF9D78100BA378B /* BKUpDownEvent.m in Sources */,
				4AF62E881AF9D78100BA378B /* BKClaspEvent.m in Sources */,
				4AF62E8A1AF9D78100BA378B /* BKCountEvent.m in Sources */,
				4AF62ECC1AFA107300BA378B /* BKEventDetector.m in Sources */,
				4AF62E981AF9D78100BA378B /* BKStandbyEvent.m in Sources */,
				4AF62EC41AFA0F1A00BA378B /* BKEventState.m in Sources */,
			);
			runOnlyForDeploymentPostprocessing = 0;
		};
		4A8802071AF79BF20072AC3A /* Sources */ = {
			isa = PBXSourcesBuildPhase;
			buildActionMask = 2147483647;
			files = (
				4A8802121AF79BF20072AC3A /* MusicPlayerTests.m in Sources */,
			);
			runOnlyForDeploymentPostprocessing = 0;
		};
/* End PBXSourcesBuildPhase section */

/* Begin PBXTargetDependency section */
		2ECD90A51AD2662A0057AC67 /* PBXTargetDependency */ = {
			isa = PBXTargetDependency;
			target = 2ECD908F1AD266290057AC67 /* NetServer */;
			targetProxy = 2ECD90A41AD2662A0057AC67 /* PBXContainerItemProxy */;
		};
		4A88020D1AF79BF20072AC3A /* PBXTargetDependency */ = {
			isa = PBXTargetDependency;
			target = 4A8801F21AF79BF10072AC3A /* MusicPlayer */;
			targetProxy = 4A88020C1AF79BF20072AC3A /* PBXContainerItemProxy */;
		};
/* End PBXTargetDependency section */

/* Begin PBXVariantGroup section */
		2ECD909C1AD2662A0057AC67 /* MainMenu.xib */ = {
			isa = PBXVariantGroup;
			children = (
				2ECD909D1AD2662A0057AC67 /* Base */,
			);
			name = MainMenu.xib;
			sourceTree = "<group>";
		};
		4A8802041AF79BF10072AC3A /* LaunchScreen.xib */ = {
			isa = PBXVariantGroup;
			children = (
				4A8802051AF79BF10072AC3A /* Base */,
			);
			name = LaunchScreen.xib;
			sourceTree = "<group>";
		};
/* End PBXVariantGroup section */

/* Begin XCBuildConfiguration section */
		2ECD90AB1AD2662A0057AC67 /* Debug */ = {
			isa = XCBuildConfiguration;
			buildSettings = {
				ALWAYS_SEARCH_USER_PATHS = NO;
				CLANG_CXX_LANGUAGE_STANDARD = "gnu++0x";
				CLANG_CXX_LIBRARY = "libc++";
				CLANG_ENABLE_MODULES = YES;
				CLANG_ENABLE_OBJC_ARC = YES;
				CLANG_WARN_BOOL_CONVERSION = YES;
				CLANG_WARN_CONSTANT_CONVERSION = YES;
				CLANG_WARN_DIRECT_OBJC_ISA_USAGE = YES_ERROR;
				CLANG_WARN_EMPTY_BODY = YES;
				CLANG_WARN_ENUM_CONVERSION = YES;
				CLANG_WARN_INT_CONVERSION = YES;
				CLANG_WARN_OBJC_ROOT_CLASS = YES_ERROR;
				CLANG_WARN_UNREACHABLE_CODE = YES;
				CLANG_WARN__DUPLICATE_METHOD_MATCH = YES;
				CODE_SIGN_IDENTITY = "-";
				COPY_PHASE_STRIP = NO;
				ENABLE_STRICT_OBJC_MSGSEND = YES;
				GCC_C_LANGUAGE_STANDARD = gnu99;
				GCC_DYNAMIC_NO_PIC = NO;
				GCC_OPTIMIZATION_LEVEL = 0;
				GCC_PREPROCESSOR_DEFINITIONS = (
					"DEBUG=1",
					"$(inherited)",
				);
				GCC_SYMBOLS_PRIVATE_EXTERN = NO;
				GCC_WARN_64_TO_32_BIT_CONVERSION = YES;
				GCC_WARN_ABOUT_RETURN_TYPE = YES_ERROR;
				GCC_WARN_UNDECLARED_SELECTOR = YES;
				GCC_WARN_UNINITIALIZED_AUTOS = YES_AGGRESSIVE;
				GCC_WARN_UNUSED_FUNCTION = YES;
				GCC_WARN_UNUSED_VARIABLE = YES;
				MACOSX_DEPLOYMENT_TARGET = 10.10;
				MTL_ENABLE_DEBUG_INFO = YES;
				ONLY_ACTIVE_ARCH = YES;
				SDKROOT = macosx;
			};
			name = Debug;
		};
		2ECD90AC1AD2662A0057AC67 /* Release */ = {
			isa = XCBuildConfiguration;
			buildSettings = {
				ALWAYS_SEARCH_USER_PATHS = NO;
				CLANG_CXX_LANGUAGE_STANDARD = "gnu++0x";
				CLANG_CXX_LIBRARY = "libc++";
				CLANG_ENABLE_MODULES = YES;
				CLANG_ENABLE_OBJC_ARC = YES;
				CLANG_WARN_BOOL_CONVERSION = YES;
				CLANG_WARN_CONSTANT_CONVERSION = YES;
				CLANG_WARN_DIRECT_OBJC_ISA_USAGE = YES_ERROR;
				CLANG_WARN_EMPTY_BODY = YES;
				CLANG_WARN_ENUM_CONVERSION = YES;
				CLANG_WARN_INT_CONVERSION = YES;
				CLANG_WARN_OBJC_ROOT_CLASS = YES_ERROR;
				CLANG_WARN_UNREACHABLE_CODE = YES;
				CLANG_WARN__DUPLICATE_METHOD_MATCH = YES;
				CODE_SIGN_IDENTITY = "-";
				COPY_PHASE_STRIP = NO;
				DEBUG_INFORMATION_FORMAT = "dwarf-with-dsym";
				ENABLE_NS_ASSERTIONS = NO;
				ENABLE_STRICT_OBJC_MSGSEND = YES;
				GCC_C_LANGUAGE_STANDARD = gnu99;
				GCC_WARN_64_TO_32_BIT_CONVERSION = YES;
				GCC_WARN_ABOUT_RETURN_TYPE = YES_ERROR;
				GCC_WARN_UNDECLARED_SELECTOR = YES;
				GCC_WARN_UNINITIALIZED_AUTOS = YES_AGGRESSIVE;
				GCC_WARN_UNUSED_FUNCTION = YES;
				GCC_WARN_UNUSED_VARIABLE = YES;
				MACOSX_DEPLOYMENT_TARGET = 10.10;
				MTL_ENABLE_DEBUG_INFO = NO;
				SDKROOT = macosx;
			};
			name = Release;
		};
		2ECD90AE1AD2662A0057AC67 /* Debug */ = {
			isa = XCBuildConfiguration;
			buildSettings = {
				ASSETCATALOG_COMPILER_APPICON_NAME = AppIcon;
				CLANG_ENABLE_OBJC_ARC = NO;
				COMBINE_HIDPI_IMAGES = YES;
				INFOPLIST_FILE = NetServer/Info.plist;
				LD_RUNPATH_SEARCH_PATHS = "$(inherited) @executable_path/../Frameworks";
				LIBRARY_SEARCH_PATHS = (
					"$(inherited)",
					"$(PROJECT_DIR)/ExternalLib",
				);
				PRODUCT_NAME = "$(TARGET_NAME)";
			};
			name = Debug;
		};
		2ECD90AF1AD2662A0057AC67 /* Release */ = {
			isa = XCBuildConfiguration;
			buildSettings = {
				ASSETCATALOG_COMPILER_APPICON_NAME = AppIcon;
				CLANG_ENABLE_OBJC_ARC = NO;
				COMBINE_HIDPI_IMAGES = YES;
				INFOPLIST_FILE = NetServer/Info.plist;
				LD_RUNPATH_SEARCH_PATHS = "$(inherited) @executable_path/../Frameworks";
				LIBRARY_SEARCH_PATHS = (
					"$(inherited)",
					"$(PROJECT_DIR)/ExternalLib",
				);
				PRODUCT_NAME = "$(TARGET_NAME)";
			};
			name = Release;
		};
		2ECD90B11AD2662A0057AC67 /* Debug */ = {
			isa = XCBuildConfiguration;
			buildSettings = {
				BUNDLE_LOADER = "$(TEST_HOST)";
				COMBINE_HIDPI_IMAGES = YES;
				FRAMEWORK_SEARCH_PATHS = (
					"$(DEVELOPER_FRAMEWORKS_DIR)",
					"$(inherited)",
				);
				GCC_PREPROCESSOR_DEFINITIONS = (
					"DEBUG=1",
					"$(inherited)",
				);
				INFOPLIST_FILE = NetServerTests/Info.plist;
				LD_RUNPATH_SEARCH_PATHS = "$(inherited) @executable_path/../Frameworks @loader_path/../Frameworks";
				PRODUCT_NAME = "$(TARGET_NAME)";
				TEST_HOST = "$(BUILT_PRODUCTS_DIR)/NetServer.app/Contents/MacOS/NetServer";
			};
			name = Debug;
		};
		2ECD90B21AD2662A0057AC67 /* Release */ = {
			isa = XCBuildConfiguration;
			buildSettings = {
				BUNDLE_LOADER = "$(TEST_HOST)";
				COMBINE_HIDPI_IMAGES = YES;
				FRAMEWORK_SEARCH_PATHS = (
					"$(DEVELOPER_FRAMEWORKS_DIR)",
					"$(inherited)",
				);
				INFOPLIST_FILE = NetServerTests/Info.plist;
				LD_RUNPATH_SEARCH_PATHS = "$(inherited) @executable_path/../Frameworks @loader_path/../Frameworks";
				PRODUCT_NAME = "$(TARGET_NAME)";
				TEST_HOST = "$(BUILT_PRODUCTS_DIR)/NetServer.app/Contents/MacOS/NetServer";
			};
			name = Release;
		};
		4A8802141AF79BF20072AC3A /* Debug */ = {
			isa = XCBuildConfiguration;
			buildSettings = {
				ASSETCATALOG_COMPILER_APPICON_NAME = AppIcon;
				CLANG_ENABLE_OBJC_ARC = NO;
				CODE_SIGN_IDENTITY = "iPhone Developer: Chang-Gi Kim (2C668QKNJG)";
				"CODE_SIGN_IDENTITY[sdk=iphoneos*]" = "iPhone Developer: Chang-Gi Kim (2C668QKNJG)";
				DEBUG_INFORMATION_FORMAT = "dwarf-with-dsym";
				GCC_NO_COMMON_BLOCKS = YES;
				GCC_PREPROCESSOR_DEFINITIONS = (
					"DEBUG=1",
					"$(inherited)",
				);
				INFOPLIST_FILE = MusicPlayer/Info.plist;
				IPHONEOS_DEPLOYMENT_TARGET = 8.0;
				LD_RUNPATH_SEARCH_PATHS = "$(inherited) @executable_path/Frameworks";
				PRODUCT_NAME = "$(TARGET_NAME)";
				PROVISIONING_PROFILE = "8b597ad1-0dfc-4553-9132-e6afacaaa19f";
				SDKROOT = iphoneos;
			};
			name = Debug;
		};
		4A8802151AF79BF20072AC3A /* Release */ = {
			isa = XCBuildConfiguration;
			buildSettings = {
				ASSETCATALOG_COMPILER_APPICON_NAME = AppIcon;
				CLANG_ENABLE_OBJC_ARC = NO;
				CODE_SIGN_IDENTITY = "iPhone Developer: Chang-Gi Kim (2C668QKNJG)";
				"CODE_SIGN_IDENTITY[sdk=iphoneos*]" = "iPhone Developer: Chang-Gi Kim (2C668QKNJG)";
				GCC_NO_COMMON_BLOCKS = YES;
				INFOPLIST_FILE = MusicPlayer/Info.plist;
				IPHONEOS_DEPLOYMENT_TARGET = 8.0;
				LD_RUNPATH_SEARCH_PATHS = "$(inherited) @executable_path/Frameworks";
				PRODUCT_NAME = "$(TARGET_NAME)";
				PROVISIONING_PROFILE = "8b597ad1-0dfc-4553-9132-e6afacaaa19f";
				SDKROOT = iphoneos;
				VALIDATE_PRODUCT = YES;
			};
			name = Release;
		};
		4A8802171AF79BF20072AC3A /* Debug */ = {
			isa = XCBuildConfiguration;
			buildSettings = {
				BUNDLE_LOADER = "$(TEST_HOST)";
				CODE_SIGN_IDENTITY = "";
				DEBUG_INFORMATION_FORMAT = "dwarf-with-dsym";
				FRAMEWORK_SEARCH_PATHS = (
					"$(SDKROOT)/Developer/Library/Frameworks",
					"$(inherited)",
				);
				GCC_NO_COMMON_BLOCKS = YES;
				GCC_PREPROCESSOR_DEFINITIONS = (
					"DEBUG=1",
					"$(inherited)",
				);
				INFOPLIST_FILE = MusicPlayerTests/Info.plist;
				IPHONEOS_DEPLOYMENT_TARGET = 8.3;
				LD_RUNPATH_SEARCH_PATHS = "$(inherited) @executable_path/Frameworks @loader_path/Frameworks";
				PRODUCT_NAME = "$(TARGET_NAME)";
				SDKROOT = iphoneos;
				TEST_HOST = "$(BUILT_PRODUCTS_DIR)/MusicPlayer.app/MusicPlayer";
			};
			name = Debug;
		};
		4A8802181AF79BF20072AC3A /* Release */ = {
			isa = XCBuildConfiguration;
			buildSettings = {
				BUNDLE_LOADER = "$(TEST_HOST)";
				CODE_SIGN_IDENTITY = "";
				FRAMEWORK_SEARCH_PATHS = (
					"$(SDKROOT)/Developer/Library/Frameworks",
					"$(inherited)",
				);
				GCC_NO_COMMON_BLOCKS = YES;
				INFOPLIST_FILE = MusicPlayerTests/Info.plist;
				IPHONEOS_DEPLOYMENT_TARGET = 8.3;
				LD_RUNPATH_SEARCH_PATHS = "$(inherited) @executable_path/Frameworks @loader_path/Frameworks";
				PRODUCT_NAME = "$(TARGET_NAME)";
				SDKROOT = iphoneos;
				TEST_HOST = "$(BUILT_PRODUCTS_DIR)/MusicPlayer.app/MusicPlayer";
				VALIDATE_PRODUCT = YES;
			};
			name = Release;
		};
/* End XCBuildConfiguration section */

/* Begin XCConfigurationList section */
		2ECD908B1AD266290057AC67 /* Build configuration list for PBXProject "NetServer" */ = {
			isa = XCConfigurationList;
			buildConfigurations = (
				2ECD90AB1AD2662A0057AC67 /* Debug */,
				2ECD90AC1AD2662A0057AC67 /* Release */,
			);
			defaultConfigurationIsVisible = 0;
			defaultConfigurationName = Release;
		};
		2ECD90AD1AD2662A0057AC67 /* Build configuration list for PBXNativeTarget "NetServer" */ = {
			isa = XCConfigurationList;
			buildConfigurations = (
				2ECD90AE1AD2662A0057AC67 /* Debug */,
				2ECD90AF1AD2662A0057AC67 /* Release */,
			);
			defaultConfigurationIsVisible = 0;
			defaultConfigurationName = Release;
		};
		2ECD90B01AD2662A0057AC67 /* Build configuration list for PBXNativeTarget "NetServerTests" */ = {
			isa = XCConfigurationList;
			buildConfigurations = (
				2ECD90B11AD2662A0057AC67 /* Debug */,
				2ECD90B21AD2662A0057AC67 /* Release */,
			);
			defaultConfigurationIsVisible = 0;
			defaultConfigurationName = Release;
		};
		4A8802131AF79BF20072AC3A /* Build configuration list for PBXNativeTarget "MusicPlayer" */ = {
			isa = XCConfigurationList;
			buildConfigurations = (
				4A8802141AF79BF20072AC3A /* Debug */,
				4A8802151AF79BF20072AC3A /* Release */,
			);
			defaultConfigurationIsVisible = 0;
			defaultConfigurationName = Release;
		};
		4A8802161AF79BF20072AC3A /* Build configuration list for PBXNativeTarget "MusicPlayerTests" */ = {
			isa = XCConfigurationList;
			buildConfigurations = (
				4A8802171AF79BF20072AC3A /* Debug */,
				4A8802181AF79BF20072AC3A /* Release */,
			);
			defaultConfigurationIsVisible = 0;
			defaultConfigurationName = Release;
		};
/* End XCConfigurationList section */
	};
	rootObject = 2ECD90881AD266290057AC67 /* Project object */;
}
